
Microsoft Visual Studio Solution File, Format Version 12.00
# Visual Studio Version 17
VisualStudioVersion = 17.0.31903.59
MinimumVisualStudioVersion = 10.0.40219.1
Project("{FAE04EC0-301F-11D3-BF4B-00C04F79EFBC}") = "HelloWorld", "HelloWorld\HelloWorld.csproj", "{5729DCBC-FE4A-4AF8-AA99-AD489B36D594}"
EndProject
Project("{FAE04EC0-301F-11D3-BF4B-00C04F79EFBC}") = "Addition", "Addition\Addition.csproj", "{2600BBC4-4EA6-4703-BE94-D2A0E105F611}"
EndProject
Project("{FAE04EC0-301F-11D3-BF4B-00C04F79EFBC}") = "Calucator", "Calucator\Calucator.csproj", "{A046F0F3-91F3-4D2F-9501-E1437FC657A4}"
EndProject
Project("{FAE04EC0-301F-11D3-BF4B-00C04F79EFBC}") = "GreaterNum", "GreaterNum\GreaterNum.csproj", "{6E0D367D-8B05-4857-A1DA-201526C0AED4}"
EndProject
Project("{FAE04EC0-301F-11D3-BF4B-00C04F79EFBC}") = "MathematicalTable", "MathematicalTable\MathematicalTable.csproj", "{F351EB05-05EE-4D63-9011-0B379F61C2E7}"
EndProject
Project("{FAE04EC0-301F-11D3-BF4B-00C04F79EFBC}") = "Break_Continue", "Break_Continue\Break_Continue.csproj", "{909A5A5B-EFE8-4242-A402-1A9C57D931EA}"
EndProject
Project("{FAE04EC0-301F-11D3-BF4B-00C04F79EFBC}") = "CoffeeMachine", "CoffeeMachine\CoffeeMachine.csproj", "{E8E1A747-27D0-40AE-BBB1-522A0A55C887}"
EndProject
Project("{FAE04EC0-301F-11D3-BF4B-00C04F79EFBC}") = "Country_language", "Country_language\Country_language.csproj", "{15375F89-1668-42CB-AB41-E8D5638356CE}"
EndProject
Project("{2150E333-8FDC-42A3-9474-1A3956D46DE8}") = "Enumbasic", "Enumbasic", "{86F1FCC5-C1E1-19F4-523C-296B4383FDC0}"
EndProject
Project("{FAE04EC0-301F-11D3-BF4B-00C04F79EFBC}") = "EnumBasic", "Enumbasic\EnumBasic.csproj", "{3BE54C5B-6EE1-4FD3-A0C2-849FACD65D71}"
EndProject
Project("{FAE04EC0-301F-11D3-BF4B-00C04F79EFBC}") = "EnumPratical", "EnumPratical\EnumPratical.csproj", "{C3912EF9-A3E0-43F7-8AD7-12930FB6A928}"
EndProject
Project("{FAE04EC0-301F-11D3-BF4B-00C04F79EFBC}") = "AscendingNum", "AscendingNum\AscendingNum.csproj", "{4D94CE4E-CE02-4388-952D-CAAF121337A3}"
EndProject
Project("{FAE04EC0-301F-11D3-BF4B-00C04F79EFBC}") = "Day2", "Day2\Day2.csproj", "{D13B042A-1C10-45C7-94FE-1ABD8A451F90}"
EndProject
Project("{FAE04EC0-301F-11D3-BF4B-00C04F79EFBC}") = "AccountOperation", "AccountOperation\AccountOperation.csproj", "{A30A72E4-BBF6-4E97-A563-32431BECD1C6}"
EndProject
Project("{FAE04EC0-301F-11D3-BF4B-00C04F79EFBC}") = "Experiment_core", "Experiment_core\Experiment_core.csproj", "{C935923F-8886-4D9B-955B-2DD58E2F45C0}"
EndProject
Project("{FAE04EC0-301F-11D3-BF4B-00C04F79EFBC}") = "Day3", "Day3\Day3.csproj", "{EAF043A5-BB07-432A-A7C0-4166E75EDA40}"
EndProject
Project("{FAE04EC0-301F-11D3-BF4B-00C04F79EFBC}") = "NamespacePratical", "NamespacePratical\NamespacePratical.csproj", "{22445C72-5F0E-447C-8A03-6B075A0E7C36}"
EndProject
Project("{FAE04EC0-301F-11D3-BF4B-00C04F79EFBC}") = "BankingApplication", "BankingApplication\BankingApplication.csproj", "{0A1023F9-37C9-4ACB-BCE1-14B1EC626571}"
EndProject
Project("{FAE04EC0-301F-11D3-BF4B-00C04F79EFBC}") = "GreetingLibrary", "GreetingLibrary\GreetingLibrary.csproj", "{D27563A1-217E-47B9-82AB-81A170B6DBEE}"
EndProject
Project("{FAE04EC0-301F-11D3-BF4B-00C04F79EFBC}") = "GreetingApplication", "GreetingApplication\GreetingApplication.csproj", "{E6859A82-CA23-4BA9-A7CA-192D5979D094}"
EndProject
Project("{FAE04EC0-301F-11D3-BF4B-00C04F79EFBC}") = "ArrayPratical", "ArrayPratical\ArrayPratical.csproj", "{5A666E44-22FB-4584-8377-89DEE4F70ED4}"
EndProject
Project("{FAE04EC0-301F-11D3-BF4B-00C04F79EFBC}") = "ValueType_ReferenceType", "ValueType_ReferenceType\ValueType_ReferenceType.csproj", "{580DAE86-9864-476C-B946-816995D8D84D}"
EndProject
Project("{FAE04EC0-301F-11D3-BF4B-00C04F79EFBC}") = "Properties", "Properties\Properties.csproj", "{46DB42D0-8E97-4571-9C12-3CECA1146ACF}"
EndProject
Project("{FAE04EC0-301F-11D3-BF4B-00C04F79EFBC}") = "ReadOnly_Constant", "ReadOnly_Constant\ReadOnly_Constant.csproj", "{75138C66-4B18-41EC-8BF5-DFC813062390}"
EndProject
Project("{FAE04EC0-301F-11D3-BF4B-00C04F79EFBC}") = "NullableType", "NullableType\NullableType.csproj", "{88350BB3-A387-4CB0-B6B9-B036B5A40C9E}"
EndProject
Project("{FAE04EC0-301F-11D3-BF4B-00C04F79EFBC}") = "FunctionOverloading", "FunctionOverloading\FunctionOverloading.csproj", "{4D3F88D6-7106-4D3E-BD0C-6F2D0F67B828}"
EndProject
Project("{FAE04EC0-301F-11D3-BF4B-00C04F79EFBC}") = "out_ref", "out_ref\out_ref.csproj", "{69CC9060-0EE1-474D-9488-5FE98158824E}"
EndProject
Project("{FAE04EC0-301F-11D3-BF4B-00C04F79EFBC}") = "ProtectedUnderstanding", "ProtectedUnderstanding\ProtectedUnderstanding.csproj", "{14B61C65-4145-422B-AA47-EF41F8AAA156}"
EndProject
Project("{FAE04EC0-301F-11D3-BF4B-00C04F79EFBC}") = "MethodHiding_Overriding", "MethodHiding_Overriding\MethodHiding_Overriding.csproj", "{E25C8283-B5CB-4F5F-90DF-C27FBFB84493}"
EndProject
Project("{FAE04EC0-301F-11D3-BF4B-00C04F79EFBC}") = "Params_Understanding", "Params_Understanding\Params_Understanding.csproj", "{9B4E3761-0CE5-4C1C-94EE-EF4BD2AD2E6A}"
EndProject
Project("{FAE04EC0-301F-11D3-BF4B-00C04F79EFBC}") = "MultilevelInheritance_Virtual_Override", "MultilevelInheritance_Virtual_Override\MultilevelInheritance_Virtual_Override.csproj", "{47221A80-F0EA-4F58-A500-27FB329D48B3}"
EndProject
Project("{FAE04EC0-301F-11D3-BF4B-00C04F79EFBC}") = "SealedMethod", "SealedMethod\SealedMethod.csproj", "{34CE4A2C-AE9E-43A1-A9C8-8CD76CB9C0CC}"
EndProject
Project("{FAE04EC0-301F-11D3-BF4B-00C04F79EFBC}") = "ConstructorExecutionSequence", "ConstructorExecutionSequence\ConstructorExecutionSequence.csproj", "{B6ED774B-CAAF-4D15-B5E2-F9DC510475A4}"
EndProject
Project("{FAE04EC0-301F-11D3-BF4B-00C04F79EFBC}") = "Destructor", "Destructor\Destructor.csproj", "{7C0CD795-E0AA-4F63-944F-AC2D73D476E2}"
EndProject
Project("{FAE04EC0-301F-11D3-BF4B-00C04F79EFBC}") = "Boxing_UnBoxing", "Boxing_UnBoxing\Boxing_UnBoxing.csproj", "{67045F89-DB68-44F7-A72B-1B95E6C59579}"
EndProject
Project("{FAE04EC0-301F-11D3-BF4B-00C04F79EFBC}") = "EqualityComparision", "EqualityComparision\EqualityComparision.csproj", "{BC0F7D01-B68A-4EC6-AA6A-9AD8E717F23C}"
EndProject
Project("{FAE04EC0-301F-11D3-BF4B-00C04F79EFBC}") = "EmployeeDetails", "EmployeeDetails\EmployeeDetails.csproj", "{0E59F86B-25FE-4575-AB65-C399F639E9E8}"
EndProject
Project("{FAE04EC0-301F-11D3-BF4B-00C04F79EFBC}") = "PolymorphismAssigment", "PolymorphismAssigment\PolymorphismAssigment.csproj", "{7C367BCA-3FAB-4957-8AF7-06E1EEF94CD0}"
EndProject
Project("{FAE04EC0-301F-11D3-BF4B-00C04F79EFBC}") = "StudentMarksheet", "StudentMarksheet\StudentMarksheet.csproj", "{A7A92B94-1B78-45B3-A290-9CEC78ED7C84}"
EndProject
Project("{FAE04EC0-301F-11D3-BF4B-00C04F79EFBC}") = "Polymorphism_Abstract", "Polymorphism_Abstract\Polymorphism_Abstract.csproj", "{BF1176EC-064F-4610-A6FB-1F07E657BB38}"
EndProject
Project("{FAE04EC0-301F-11D3-BF4B-00C04F79EFBC}") = "Interface_Exp", "Interface_Exp\Interface_Exp.csproj", "{959A33A9-5FB9-4806-802F-02DF2ECAC31E}"
EndProject
Project("{FAE04EC0-301F-11D3-BF4B-00C04F79EFBC}") = "Interface_Inheritance", "Interface_Inheritance\Interface_Inheritance.csproj", "{328185C8-0279-4039-895B-5EB92394F003}"
EndProject
Project("{FAE04EC0-301F-11D3-BF4B-00C04F79EFBC}") = "BoxingEg", "BoxingEg\BoxingEg.csproj", "{A9833D58-C47A-49D8-AF31-E32D46356024}"
EndProject
Project("{FAE04EC0-301F-11D3-BF4B-00C04F79EFBC}") = "InterfaceExperiment", "InterfaceExperiment\InterfaceExperiment.csproj", "{00ACCA79-FBBE-458F-93B7-8D83D8E88A32}"
EndProject
Project("{FAE04EC0-301F-11D3-BF4B-00C04F79EFBC}") = "BusinessLibrary", "BusinessLibrary\BusinessLibrary.csproj", "{0F8580DF-D42C-4963-B453-B72E8C9D3AA6}"
EndProject
Project("{FAE04EC0-301F-11D3-BF4B-00C04F79EFBC}") = "VendorLibrary", "VendorLibrary\VendorLibrary.csproj", "{D645A253-B3B4-457D-B70F-346AFA5D597C}"
EndProject
Project("{FAE04EC0-301F-11D3-BF4B-00C04F79EFBC}") = "InterfaceAdvantage", "InterfaceAdvantage\InterfaceAdvantage.csproj", "{25F902D9-4718-4C95-9AD6-4F37E939C7C7}"
EndProject
Project("{FAE04EC0-301F-11D3-BF4B-00C04F79EFBC}") = "IEnumeratorUnderstanding", "IEnumeratorUnderstanding\IEnumeratorUnderstanding.csproj", "{D4903E55-2355-4808-B400-5183DD4B31CC}"
EndProject
Project("{FAE04EC0-301F-11D3-BF4B-00C04F79EFBC}") = "IComparable_Employee", "IComparable_Employee\IComparable_Employee.csproj", "{4B57663C-FF18-4B51-8985-6905F4D7CB8E}"
EndProject
Project("{FAE04EC0-301F-11D3-BF4B-00C04F79EFBC}") = "IComparble_Student", "IComparble_Student\IComparble_Student.csproj", "{696751C1-D190-4ED7-806A-C68139878B56}"
EndProject
Project("{FAE04EC0-301F-11D3-BF4B-00C04F79EFBC}") = "Indexer", "Indexer\Indexer.csproj", "{B8A9431D-F237-40E4-B8C9-D80514219ED7}"
EndProject
Project("{FAE04EC0-301F-11D3-BF4B-00C04F79EFBC}") = "IComparableSorting", "IComparableSorting\IComparableSorting.csproj", "{3F7683CE-CF90-408D-893D-AD645B01C49B}"
EndProject
Project("{FAE04EC0-301F-11D3-BF4B-00C04F79EFBC}") = "Generics", "Generics\Generics.csproj", "{38FFF998-D6CF-48CB-AB3A-D5AA609CAFB8}"
EndProject
Project("{FAE04EC0-301F-11D3-BF4B-00C04F79EFBC}") = "UnderstandingCollections", "UnderstandingCollections\UnderstandingCollections.csproj", "{D0E3AE93-DDDA-4C3A-8A52-14CC0C1F7F6F}"
EndProject
Project("{FAE04EC0-301F-11D3-BF4B-00C04F79EFBC}") = "BasicDelegates", "BasicDelegates\BasicDelegates.csproj", "{D3270DA3-C416-4EE5-922B-BBE8C34D63CA}"
EndProject
Project("{FAE04EC0-301F-11D3-BF4B-00C04F79EFBC}") = "DelegateSimpleEg", "DelegateSimpleEg\DelegateSimpleEg.csproj", "{08757DF2-6027-405A-A13C-B09F44222C3E}"
EndProject
Project("{FAE04EC0-301F-11D3-BF4B-00C04F79EFBC}") = "DelegatePratical", "DelegatePratical\DelegatePratical.csproj", "{49B6E239-EE15-4E1F-8C7A-76A45974E8A7}"
EndProject
Project("{FAE04EC0-301F-11D3-BF4B-00C04F79EFBC}") = "DelegateUse", "DelegateUse\DelegateUse.csproj", "{2EF0BFDB-EA30-4A59-9BDC-990D0D9FC616}"
EndProject
Project("{FAE04EC0-301F-11D3-BF4B-00C04F79EFBC}") = "DelegateRealSceneriao", "DelegateRealSceneriao\DelegateRealSceneriao.csproj", "{8C377EF4-C695-40DD-85ED-6CC3080EA529}"
EndProject
Project("{FAE04EC0-301F-11D3-BF4B-00C04F79EFBC}") = "CustomException", "CustomException\CustomException.csproj", "{A5784344-8AFC-4215-8B1A-BE449F0832AF}"
EndProject
Project("{FAE04EC0-301F-11D3-BF4B-00C04F79EFBC}") = "CustomExceptionStudent", "CustomExceptionStudent\CustomExceptionStudent.csproj", "{23704969-2C90-41A7-840D-D6A708991FFB}"
EndProject
Project("{FAE04EC0-301F-11D3-BF4B-00C04F79EFBC}") = "WindowsGreeting", "WindowsGreeting\WindowsGreeting.csproj", "{E7F3121E-F405-4748-8A33-CE291E51ADAC}"
EndProject
Project("{FAE04EC0-301F-11D3-BF4B-00C04F79EFBC}") = "Events", "Events\Events.csproj", "{800CB7FE-7001-4755-9AAD-B46911759C50}"
EndProject
Project("{FAE04EC0-301F-11D3-BF4B-00C04F79EFBC}") = "Co_Contra_Variance", "Co_Contra_Variance\Co_Contra_Variance.csproj", "{90F56C2C-EBFE-47E9-8D9E-87FBB65F742E}"
EndProject
Project("{FAE04EC0-301F-11D3-BF4B-00C04F79EFBC}") = "AnonymousMethod", "AnonymousMethod\AnonymousMethod.csproj", "{DF2B727A-690C-4717-8255-B423B7D94E34}"
EndProject
Project("{FAE04EC0-301F-11D3-BF4B-00C04F79EFBC}") = "CsThreads", "CsThreads\CsThreads.csproj", "{2E49BAE4-A91C-4E9A-B5CE-18D9B2D0F0F4}"
EndProject
Global
	GlobalSection(SolutionConfigurationPlatforms) = preSolution
		Debug|Any CPU = Debug|Any CPU
		Debug|x64 = Debug|x64
		Debug|x86 = Debug|x86
		Release|Any CPU = Release|Any CPU
		Release|x64 = Release|x64
		Release|x86 = Release|x86
	EndGlobalSection
	GlobalSection(ProjectConfigurationPlatforms) = postSolution
		{5729DCBC-FE4A-4AF8-AA99-AD489B36D594}.Debug|Any CPU.ActiveCfg = Debug|Any CPU
		{5729DCBC-FE4A-4AF8-AA99-AD489B36D594}.Debug|Any CPU.Build.0 = Debug|Any CPU
		{5729DCBC-FE4A-4AF8-AA99-AD489B36D594}.Debug|x64.ActiveCfg = Debug|Any CPU
		{5729DCBC-FE4A-4AF8-AA99-AD489B36D594}.Debug|x64.Build.0 = Debug|Any CPU
		{5729DCBC-FE4A-4AF8-AA99-AD489B36D594}.Debug|x86.ActiveCfg = Debug|Any CPU
		{5729DCBC-FE4A-4AF8-AA99-AD489B36D594}.Debug|x86.Build.0 = Debug|Any CPU
		{5729DCBC-FE4A-4AF8-AA99-AD489B36D594}.Release|Any CPU.ActiveCfg = Release|Any CPU
		{5729DCBC-FE4A-4AF8-AA99-AD489B36D594}.Release|Any CPU.Build.0 = Release|Any CPU
		{5729DCBC-FE4A-4AF8-AA99-AD489B36D594}.Release|x64.ActiveCfg = Release|Any CPU
		{5729DCBC-FE4A-4AF8-AA99-AD489B36D594}.Release|x64.Build.0 = Release|Any CPU
		{5729DCBC-FE4A-4AF8-AA99-AD489B36D594}.Release|x86.ActiveCfg = Release|Any CPU
		{5729DCBC-FE4A-4AF8-AA99-AD489B36D594}.Release|x86.Build.0 = Release|Any CPU
		{2600BBC4-4EA6-4703-BE94-D2A0E105F611}.Debug|Any CPU.ActiveCfg = Debug|Any CPU
		{2600BBC4-4EA6-4703-BE94-D2A0E105F611}.Debug|Any CPU.Build.0 = Debug|Any CPU
		{2600BBC4-4EA6-4703-BE94-D2A0E105F611}.Debug|x64.ActiveCfg = Debug|Any CPU
		{2600BBC4-4EA6-4703-BE94-D2A0E105F611}.Debug|x64.Build.0 = Debug|Any CPU
		{2600BBC4-4EA6-4703-BE94-D2A0E105F611}.Debug|x86.ActiveCfg = Debug|Any CPU
		{2600BBC4-4EA6-4703-BE94-D2A0E105F611}.Debug|x86.Build.0 = Debug|Any CPU
		{2600BBC4-4EA6-4703-BE94-D2A0E105F611}.Release|Any CPU.ActiveCfg = Release|Any CPU
		{2600BBC4-4EA6-4703-BE94-D2A0E105F611}.Release|Any CPU.Build.0 = Release|Any CPU
		{2600BBC4-4EA6-4703-BE94-D2A0E105F611}.Release|x64.ActiveCfg = Release|Any CPU
		{2600BBC4-4EA6-4703-BE94-D2A0E105F611}.Release|x64.Build.0 = Release|Any CPU
		{2600BBC4-4EA6-4703-BE94-D2A0E105F611}.Release|x86.ActiveCfg = Release|Any CPU
		{2600BBC4-4EA6-4703-BE94-D2A0E105F611}.Release|x86.Build.0 = Release|Any CPU
		{A046F0F3-91F3-4D2F-9501-E1437FC657A4}.Debug|Any CPU.ActiveCfg = Debug|Any CPU
		{A046F0F3-91F3-4D2F-9501-E1437FC657A4}.Debug|Any CPU.Build.0 = Debug|Any CPU
		{A046F0F3-91F3-4D2F-9501-E1437FC657A4}.Debug|x64.ActiveCfg = Debug|Any CPU
		{A046F0F3-91F3-4D2F-9501-E1437FC657A4}.Debug|x64.Build.0 = Debug|Any CPU
		{A046F0F3-91F3-4D2F-9501-E1437FC657A4}.Debug|x86.ActiveCfg = Debug|Any CPU
		{A046F0F3-91F3-4D2F-9501-E1437FC657A4}.Debug|x86.Build.0 = Debug|Any CPU
		{A046F0F3-91F3-4D2F-9501-E1437FC657A4}.Release|Any CPU.ActiveCfg = Release|Any CPU
		{A046F0F3-91F3-4D2F-9501-E1437FC657A4}.Release|Any CPU.Build.0 = Release|Any CPU
		{A046F0F3-91F3-4D2F-9501-E1437FC657A4}.Release|x64.ActiveCfg = Release|Any CPU
		{A046F0F3-91F3-4D2F-9501-E1437FC657A4}.Release|x64.Build.0 = Release|Any CPU
		{A046F0F3-91F3-4D2F-9501-E1437FC657A4}.Release|x86.ActiveCfg = Release|Any CPU
		{A046F0F3-91F3-4D2F-9501-E1437FC657A4}.Release|x86.Build.0 = Release|Any CPU
		{6E0D367D-8B05-4857-A1DA-201526C0AED4}.Debug|Any CPU.ActiveCfg = Debug|Any CPU
		{6E0D367D-8B05-4857-A1DA-201526C0AED4}.Debug|Any CPU.Build.0 = Debug|Any CPU
		{6E0D367D-8B05-4857-A1DA-201526C0AED4}.Debug|x64.ActiveCfg = Debug|Any CPU
		{6E0D367D-8B05-4857-A1DA-201526C0AED4}.Debug|x64.Build.0 = Debug|Any CPU
		{6E0D367D-8B05-4857-A1DA-201526C0AED4}.Debug|x86.ActiveCfg = Debug|Any CPU
		{6E0D367D-8B05-4857-A1DA-201526C0AED4}.Debug|x86.Build.0 = Debug|Any CPU
		{6E0D367D-8B05-4857-A1DA-201526C0AED4}.Release|Any CPU.ActiveCfg = Release|Any CPU
		{6E0D367D-8B05-4857-A1DA-201526C0AED4}.Release|Any CPU.Build.0 = Release|Any CPU
		{6E0D367D-8B05-4857-A1DA-201526C0AED4}.Release|x64.ActiveCfg = Release|Any CPU
		{6E0D367D-8B05-4857-A1DA-201526C0AED4}.Release|x64.Build.0 = Release|Any CPU
		{6E0D367D-8B05-4857-A1DA-201526C0AED4}.Release|x86.ActiveCfg = Release|Any CPU
		{6E0D367D-8B05-4857-A1DA-201526C0AED4}.Release|x86.Build.0 = Release|Any CPU
		{F351EB05-05EE-4D63-9011-0B379F61C2E7}.Debug|Any CPU.ActiveCfg = Debug|Any CPU
		{F351EB05-05EE-4D63-9011-0B379F61C2E7}.Debug|Any CPU.Build.0 = Debug|Any CPU
		{F351EB05-05EE-4D63-9011-0B379F61C2E7}.Debug|x64.ActiveCfg = Debug|Any CPU
		{F351EB05-05EE-4D63-9011-0B379F61C2E7}.Debug|x64.Build.0 = Debug|Any CPU
		{F351EB05-05EE-4D63-9011-0B379F61C2E7}.Debug|x86.ActiveCfg = Debug|Any CPU
		{F351EB05-05EE-4D63-9011-0B379F61C2E7}.Debug|x86.Build.0 = Debug|Any CPU
		{F351EB05-05EE-4D63-9011-0B379F61C2E7}.Release|Any CPU.ActiveCfg = Release|Any CPU
		{F351EB05-05EE-4D63-9011-0B379F61C2E7}.Release|Any CPU.Build.0 = Release|Any CPU
		{F351EB05-05EE-4D63-9011-0B379F61C2E7}.Release|x64.ActiveCfg = Release|Any CPU
		{F351EB05-05EE-4D63-9011-0B379F61C2E7}.Release|x64.Build.0 = Release|Any CPU
		{F351EB05-05EE-4D63-9011-0B379F61C2E7}.Release|x86.ActiveCfg = Release|Any CPU
		{F351EB05-05EE-4D63-9011-0B379F61C2E7}.Release|x86.Build.0 = Release|Any CPU
		{909A5A5B-EFE8-4242-A402-1A9C57D931EA}.Debug|Any CPU.ActiveCfg = Debug|Any CPU
		{909A5A5B-EFE8-4242-A402-1A9C57D931EA}.Debug|Any CPU.Build.0 = Debug|Any CPU
		{909A5A5B-EFE8-4242-A402-1A9C57D931EA}.Debug|x64.ActiveCfg = Debug|Any CPU
		{909A5A5B-EFE8-4242-A402-1A9C57D931EA}.Debug|x64.Build.0 = Debug|Any CPU
		{909A5A5B-EFE8-4242-A402-1A9C57D931EA}.Debug|x86.ActiveCfg = Debug|Any CPU
		{909A5A5B-EFE8-4242-A402-1A9C57D931EA}.Debug|x86.Build.0 = Debug|Any CPU
		{909A5A5B-EFE8-4242-A402-1A9C57D931EA}.Release|Any CPU.ActiveCfg = Release|Any CPU
		{909A5A5B-EFE8-4242-A402-1A9C57D931EA}.Release|Any CPU.Build.0 = Release|Any CPU
		{909A5A5B-EFE8-4242-A402-1A9C57D931EA}.Release|x64.ActiveCfg = Release|Any CPU
		{909A5A5B-EFE8-4242-A402-1A9C57D931EA}.Release|x64.Build.0 = Release|Any CPU
		{909A5A5B-EFE8-4242-A402-1A9C57D931EA}.Release|x86.ActiveCfg = Release|Any CPU
		{909A5A5B-EFE8-4242-A402-1A9C57D931EA}.Release|x86.Build.0 = Release|Any CPU
		{E8E1A747-27D0-40AE-BBB1-522A0A55C887}.Debug|Any CPU.ActiveCfg = Debug|Any CPU
		{E8E1A747-27D0-40AE-BBB1-522A0A55C887}.Debug|Any CPU.Build.0 = Debug|Any CPU
		{E8E1A747-27D0-40AE-BBB1-522A0A55C887}.Debug|x64.ActiveCfg = Debug|Any CPU
		{E8E1A747-27D0-40AE-BBB1-522A0A55C887}.Debug|x64.Build.0 = Debug|Any CPU
		{E8E1A747-27D0-40AE-BBB1-522A0A55C887}.Debug|x86.ActiveCfg = Debug|Any CPU
		{E8E1A747-27D0-40AE-BBB1-522A0A55C887}.Debug|x86.Build.0 = Debug|Any CPU
		{E8E1A747-27D0-40AE-BBB1-522A0A55C887}.Release|Any CPU.ActiveCfg = Release|Any CPU
		{E8E1A747-27D0-40AE-BBB1-522A0A55C887}.Release|Any CPU.Build.0 = Release|Any CPU
		{E8E1A747-27D0-40AE-BBB1-522A0A55C887}.Release|x64.ActiveCfg = Release|Any CPU
		{E8E1A747-27D0-40AE-BBB1-522A0A55C887}.Release|x64.Build.0 = Release|Any CPU
		{E8E1A747-27D0-40AE-BBB1-522A0A55C887}.Release|x86.ActiveCfg = Release|Any CPU
		{E8E1A747-27D0-40AE-BBB1-522A0A55C887}.Release|x86.Build.0 = Release|Any CPU
		{15375F89-1668-42CB-AB41-E8D5638356CE}.Debug|Any CPU.ActiveCfg = Debug|Any CPU
		{15375F89-1668-42CB-AB41-E8D5638356CE}.Debug|Any CPU.Build.0 = Debug|Any CPU
		{15375F89-1668-42CB-AB41-E8D5638356CE}.Debug|x64.ActiveCfg = Debug|Any CPU
		{15375F89-1668-42CB-AB41-E8D5638356CE}.Debug|x64.Build.0 = Debug|Any CPU
		{15375F89-1668-42CB-AB41-E8D5638356CE}.Debug|x86.ActiveCfg = Debug|Any CPU
		{15375F89-1668-42CB-AB41-E8D5638356CE}.Debug|x86.Build.0 = Debug|Any CPU
		{15375F89-1668-42CB-AB41-E8D5638356CE}.Release|Any CPU.ActiveCfg = Release|Any CPU
		{15375F89-1668-42CB-AB41-E8D5638356CE}.Release|Any CPU.Build.0 = Release|Any CPU
		{15375F89-1668-42CB-AB41-E8D5638356CE}.Release|x64.ActiveCfg = Release|Any CPU
		{15375F89-1668-42CB-AB41-E8D5638356CE}.Release|x64.Build.0 = Release|Any CPU
		{15375F89-1668-42CB-AB41-E8D5638356CE}.Release|x86.ActiveCfg = Release|Any CPU
		{15375F89-1668-42CB-AB41-E8D5638356CE}.Release|x86.Build.0 = Release|Any CPU
		{3BE54C5B-6EE1-4FD3-A0C2-849FACD65D71}.Debug|Any CPU.ActiveCfg = Debug|Any CPU
		{3BE54C5B-6EE1-4FD3-A0C2-849FACD65D71}.Debug|Any CPU.Build.0 = Debug|Any CPU
		{3BE54C5B-6EE1-4FD3-A0C2-849FACD65D71}.Debug|x64.ActiveCfg = Debug|Any CPU
		{3BE54C5B-6EE1-4FD3-A0C2-849FACD65D71}.Debug|x64.Build.0 = Debug|Any CPU
		{3BE54C5B-6EE1-4FD3-A0C2-849FACD65D71}.Debug|x86.ActiveCfg = Debug|Any CPU
		{3BE54C5B-6EE1-4FD3-A0C2-849FACD65D71}.Debug|x86.Build.0 = Debug|Any CPU
		{3BE54C5B-6EE1-4FD3-A0C2-849FACD65D71}.Release|Any CPU.ActiveCfg = Release|Any CPU
		{3BE54C5B-6EE1-4FD3-A0C2-849FACD65D71}.Release|Any CPU.Build.0 = Release|Any CPU
		{3BE54C5B-6EE1-4FD3-A0C2-849FACD65D71}.Release|x64.ActiveCfg = Release|Any CPU
		{3BE54C5B-6EE1-4FD3-A0C2-849FACD65D71}.Release|x64.Build.0 = Release|Any CPU
		{3BE54C5B-6EE1-4FD3-A0C2-849FACD65D71}.Release|x86.ActiveCfg = Release|Any CPU
		{3BE54C5B-6EE1-4FD3-A0C2-849FACD65D71}.Release|x86.Build.0 = Release|Any CPU
		{C3912EF9-A3E0-43F7-8AD7-12930FB6A928}.Debug|Any CPU.ActiveCfg = Debug|Any CPU
		{C3912EF9-A3E0-43F7-8AD7-12930FB6A928}.Debug|Any CPU.Build.0 = Debug|Any CPU
		{C3912EF9-A3E0-43F7-8AD7-12930FB6A928}.Debug|x64.ActiveCfg = Debug|Any CPU
		{C3912EF9-A3E0-43F7-8AD7-12930FB6A928}.Debug|x64.Build.0 = Debug|Any CPU
		{C3912EF9-A3E0-43F7-8AD7-12930FB6A928}.Debug|x86.ActiveCfg = Debug|Any CPU
		{C3912EF9-A3E0-43F7-8AD7-12930FB6A928}.Debug|x86.Build.0 = Debug|Any CPU
		{C3912EF9-A3E0-43F7-8AD7-12930FB6A928}.Release|Any CPU.ActiveCfg = Release|Any CPU
		{C3912EF9-A3E0-43F7-8AD7-12930FB6A928}.Release|Any CPU.Build.0 = Release|Any CPU
		{C3912EF9-A3E0-43F7-8AD7-12930FB6A928}.Release|x64.ActiveCfg = Release|Any CPU
		{C3912EF9-A3E0-43F7-8AD7-12930FB6A928}.Release|x64.Build.0 = Release|Any CPU
		{C3912EF9-A3E0-43F7-8AD7-12930FB6A928}.Release|x86.ActiveCfg = Release|Any CPU
		{C3912EF9-A3E0-43F7-8AD7-12930FB6A928}.Release|x86.Build.0 = Release|Any CPU
		{4D94CE4E-CE02-4388-952D-CAAF121337A3}.Debug|Any CPU.ActiveCfg = Debug|Any CPU
		{4D94CE4E-CE02-4388-952D-CAAF121337A3}.Debug|Any CPU.Build.0 = Debug|Any CPU
		{4D94CE4E-CE02-4388-952D-CAAF121337A3}.Debug|x64.ActiveCfg = Debug|Any CPU
		{4D94CE4E-CE02-4388-952D-CAAF121337A3}.Debug|x64.Build.0 = Debug|Any CPU
		{4D94CE4E-CE02-4388-952D-CAAF121337A3}.Debug|x86.ActiveCfg = Debug|Any CPU
		{4D94CE4E-CE02-4388-952D-CAAF121337A3}.Debug|x86.Build.0 = Debug|Any CPU
		{4D94CE4E-CE02-4388-952D-CAAF121337A3}.Release|Any CPU.ActiveCfg = Release|Any CPU
		{4D94CE4E-CE02-4388-952D-CAAF121337A3}.Release|Any CPU.Build.0 = Release|Any CPU
		{4D94CE4E-CE02-4388-952D-CAAF121337A3}.Release|x64.ActiveCfg = Release|Any CPU
		{4D94CE4E-CE02-4388-952D-CAAF121337A3}.Release|x64.Build.0 = Release|Any CPU
		{4D94CE4E-CE02-4388-952D-CAAF121337A3}.Release|x86.ActiveCfg = Release|Any CPU
		{4D94CE4E-CE02-4388-952D-CAAF121337A3}.Release|x86.Build.0 = Release|Any CPU
		{D13B042A-1C10-45C7-94FE-1ABD8A451F90}.Debug|Any CPU.ActiveCfg = Debug|Any CPU
		{D13B042A-1C10-45C7-94FE-1ABD8A451F90}.Debug|Any CPU.Build.0 = Debug|Any CPU
		{D13B042A-1C10-45C7-94FE-1ABD8A451F90}.Debug|x64.ActiveCfg = Debug|Any CPU
		{D13B042A-1C10-45C7-94FE-1ABD8A451F90}.Debug|x64.Build.0 = Debug|Any CPU
		{D13B042A-1C10-45C7-94FE-1ABD8A451F90}.Debug|x86.ActiveCfg = Debug|Any CPU
		{D13B042A-1C10-45C7-94FE-1ABD8A451F90}.Debug|x86.Build.0 = Debug|Any CPU
		{D13B042A-1C10-45C7-94FE-1ABD8A451F90}.Release|Any CPU.ActiveCfg = Release|Any CPU
		{D13B042A-1C10-45C7-94FE-1ABD8A451F90}.Release|Any CPU.Build.0 = Release|Any CPU
		{D13B042A-1C10-45C7-94FE-1ABD8A451F90}.Release|x64.ActiveCfg = Release|Any CPU
		{D13B042A-1C10-45C7-94FE-1ABD8A451F90}.Release|x64.Build.0 = Release|Any CPU
		{D13B042A-1C10-45C7-94FE-1ABD8A451F90}.Release|x86.ActiveCfg = Release|Any CPU
		{D13B042A-1C10-45C7-94FE-1ABD8A451F90}.Release|x86.Build.0 = Release|Any CPU
		{A30A72E4-BBF6-4E97-A563-32431BECD1C6}.Debug|Any CPU.ActiveCfg = Debug|Any CPU
		{A30A72E4-BBF6-4E97-A563-32431BECD1C6}.Debug|Any CPU.Build.0 = Debug|Any CPU
		{A30A72E4-BBF6-4E97-A563-32431BECD1C6}.Debug|x64.ActiveCfg = Debug|Any CPU
		{A30A72E4-BBF6-4E97-A563-32431BECD1C6}.Debug|x64.Build.0 = Debug|Any CPU
		{A30A72E4-BBF6-4E97-A563-32431BECD1C6}.Debug|x86.ActiveCfg = Debug|Any CPU
		{A30A72E4-BBF6-4E97-A563-32431BECD1C6}.Debug|x86.Build.0 = Debug|Any CPU
		{A30A72E4-BBF6-4E97-A563-32431BECD1C6}.Release|Any CPU.ActiveCfg = Release|Any CPU
		{A30A72E4-BBF6-4E97-A563-32431BECD1C6}.Release|Any CPU.Build.0 = Release|Any CPU
		{A30A72E4-BBF6-4E97-A563-32431BECD1C6}.Release|x64.ActiveCfg = Release|Any CPU
		{A30A72E4-BBF6-4E97-A563-32431BECD1C6}.Release|x64.Build.0 = Release|Any CPU
		{A30A72E4-BBF6-4E97-A563-32431BECD1C6}.Release|x86.ActiveCfg = Release|Any CPU
		{A30A72E4-BBF6-4E97-A563-32431BECD1C6}.Release|x86.Build.0 = Release|Any CPU
		{C935923F-8886-4D9B-955B-2DD58E2F45C0}.Debug|Any CPU.ActiveCfg = Debug|Any CPU
		{C935923F-8886-4D9B-955B-2DD58E2F45C0}.Debug|Any CPU.Build.0 = Debug|Any CPU
		{C935923F-8886-4D9B-955B-2DD58E2F45C0}.Debug|x64.ActiveCfg = Debug|Any CPU
		{C935923F-8886-4D9B-955B-2DD58E2F45C0}.Debug|x64.Build.0 = Debug|Any CPU
		{C935923F-8886-4D9B-955B-2DD58E2F45C0}.Debug|x86.ActiveCfg = Debug|Any CPU
		{C935923F-8886-4D9B-955B-2DD58E2F45C0}.Debug|x86.Build.0 = Debug|Any CPU
		{C935923F-8886-4D9B-955B-2DD58E2F45C0}.Release|Any CPU.ActiveCfg = Release|Any CPU
		{C935923F-8886-4D9B-955B-2DD58E2F45C0}.Release|Any CPU.Build.0 = Release|Any CPU
		{C935923F-8886-4D9B-955B-2DD58E2F45C0}.Release|x64.ActiveCfg = Release|Any CPU
		{C935923F-8886-4D9B-955B-2DD58E2F45C0}.Release|x64.Build.0 = Release|Any CPU
		{C935923F-8886-4D9B-955B-2DD58E2F45C0}.Release|x86.ActiveCfg = Release|Any CPU
		{C935923F-8886-4D9B-955B-2DD58E2F45C0}.Release|x86.Build.0 = Release|Any CPU
		{EAF043A5-BB07-432A-A7C0-4166E75EDA40}.Debug|Any CPU.ActiveCfg = Debug|Any CPU
		{EAF043A5-BB07-432A-A7C0-4166E75EDA40}.Debug|Any CPU.Build.0 = Debug|Any CPU
		{EAF043A5-BB07-432A-A7C0-4166E75EDA40}.Debug|x64.ActiveCfg = Debug|Any CPU
		{EAF043A5-BB07-432A-A7C0-4166E75EDA40}.Debug|x64.Build.0 = Debug|Any CPU
		{EAF043A5-BB07-432A-A7C0-4166E75EDA40}.Debug|x86.ActiveCfg = Debug|Any CPU
		{EAF043A5-BB07-432A-A7C0-4166E75EDA40}.Debug|x86.Build.0 = Debug|Any CPU
		{EAF043A5-BB07-432A-A7C0-4166E75EDA40}.Release|Any CPU.ActiveCfg = Release|Any CPU
		{EAF043A5-BB07-432A-A7C0-4166E75EDA40}.Release|Any CPU.Build.0 = Release|Any CPU
		{EAF043A5-BB07-432A-A7C0-4166E75EDA40}.Release|x64.ActiveCfg = Release|Any CPU
		{EAF043A5-BB07-432A-A7C0-4166E75EDA40}.Release|x64.Build.0 = Release|Any CPU
		{EAF043A5-BB07-432A-A7C0-4166E75EDA40}.Release|x86.ActiveCfg = Release|Any CPU
		{EAF043A5-BB07-432A-A7C0-4166E75EDA40}.Release|x86.Build.0 = Release|Any CPU
		{22445C72-5F0E-447C-8A03-6B075A0E7C36}.Debug|Any CPU.ActiveCfg = Debug|Any CPU
		{22445C72-5F0E-447C-8A03-6B075A0E7C36}.Debug|Any CPU.Build.0 = Debug|Any CPU
		{22445C72-5F0E-447C-8A03-6B075A0E7C36}.Debug|x64.ActiveCfg = Debug|Any CPU
		{22445C72-5F0E-447C-8A03-6B075A0E7C36}.Debug|x64.Build.0 = Debug|Any CPU
		{22445C72-5F0E-447C-8A03-6B075A0E7C36}.Debug|x86.ActiveCfg = Debug|Any CPU
		{22445C72-5F0E-447C-8A03-6B075A0E7C36}.Debug|x86.Build.0 = Debug|Any CPU
		{22445C72-5F0E-447C-8A03-6B075A0E7C36}.Release|Any CPU.ActiveCfg = Release|Any CPU
		{22445C72-5F0E-447C-8A03-6B075A0E7C36}.Release|Any CPU.Build.0 = Release|Any CPU
		{22445C72-5F0E-447C-8A03-6B075A0E7C36}.Release|x64.ActiveCfg = Release|Any CPU
		{22445C72-5F0E-447C-8A03-6B075A0E7C36}.Release|x64.Build.0 = Release|Any CPU
		{22445C72-5F0E-447C-8A03-6B075A0E7C36}.Release|x86.ActiveCfg = Release|Any CPU
		{22445C72-5F0E-447C-8A03-6B075A0E7C36}.Release|x86.Build.0 = Release|Any CPU
		{0A1023F9-37C9-4ACB-BCE1-14B1EC626571}.Debug|Any CPU.ActiveCfg = Debug|Any CPU
		{0A1023F9-37C9-4ACB-BCE1-14B1EC626571}.Debug|Any CPU.Build.0 = Debug|Any CPU
		{0A1023F9-37C9-4ACB-BCE1-14B1EC626571}.Debug|x64.ActiveCfg = Debug|Any CPU
		{0A1023F9-37C9-4ACB-BCE1-14B1EC626571}.Debug|x64.Build.0 = Debug|Any CPU
		{0A1023F9-37C9-4ACB-BCE1-14B1EC626571}.Debug|x86.ActiveCfg = Debug|Any CPU
		{0A1023F9-37C9-4ACB-BCE1-14B1EC626571}.Debug|x86.Build.0 = Debug|Any CPU
		{0A1023F9-37C9-4ACB-BCE1-14B1EC626571}.Release|Any CPU.ActiveCfg = Release|Any CPU
		{0A1023F9-37C9-4ACB-BCE1-14B1EC626571}.Release|Any CPU.Build.0 = Release|Any CPU
		{0A1023F9-37C9-4ACB-BCE1-14B1EC626571}.Release|x64.ActiveCfg = Release|Any CPU
		{0A1023F9-37C9-4ACB-BCE1-14B1EC626571}.Release|x64.Build.0 = Release|Any CPU
		{0A1023F9-37C9-4ACB-BCE1-14B1EC626571}.Release|x86.ActiveCfg = Release|Any CPU
		{0A1023F9-37C9-4ACB-BCE1-14B1EC626571}.Release|x86.Build.0 = Release|Any CPU
		{D27563A1-217E-47B9-82AB-81A170B6DBEE}.Debug|Any CPU.ActiveCfg = Debug|Any CPU
		{D27563A1-217E-47B9-82AB-81A170B6DBEE}.Debug|Any CPU.Build.0 = Debug|Any CPU
		{D27563A1-217E-47B9-82AB-81A170B6DBEE}.Debug|x64.ActiveCfg = Debug|Any CPU
		{D27563A1-217E-47B9-82AB-81A170B6DBEE}.Debug|x64.Build.0 = Debug|Any CPU
		{D27563A1-217E-47B9-82AB-81A170B6DBEE}.Debug|x86.ActiveCfg = Debug|Any CPU
		{D27563A1-217E-47B9-82AB-81A170B6DBEE}.Debug|x86.Build.0 = Debug|Any CPU
		{D27563A1-217E-47B9-82AB-81A170B6DBEE}.Release|Any CPU.ActiveCfg = Release|Any CPU
		{D27563A1-217E-47B9-82AB-81A170B6DBEE}.Release|Any CPU.Build.0 = Release|Any CPU
		{D27563A1-217E-47B9-82AB-81A170B6DBEE}.Release|x64.ActiveCfg = Release|Any CPU
		{D27563A1-217E-47B9-82AB-81A170B6DBEE}.Release|x64.Build.0 = Release|Any CPU
		{D27563A1-217E-47B9-82AB-81A170B6DBEE}.Release|x86.ActiveCfg = Release|Any CPU
		{D27563A1-217E-47B9-82AB-81A170B6DBEE}.Release|x86.Build.0 = Release|Any CPU
		{E6859A82-CA23-4BA9-A7CA-192D5979D094}.Debug|Any CPU.ActiveCfg = Debug|Any CPU
		{E6859A82-CA23-4BA9-A7CA-192D5979D094}.Debug|Any CPU.Build.0 = Debug|Any CPU
		{E6859A82-CA23-4BA9-A7CA-192D5979D094}.Debug|x64.ActiveCfg = Debug|Any CPU
		{E6859A82-CA23-4BA9-A7CA-192D5979D094}.Debug|x64.Build.0 = Debug|Any CPU
		{E6859A82-CA23-4BA9-A7CA-192D5979D094}.Debug|x86.ActiveCfg = Debug|Any CPU
		{E6859A82-CA23-4BA9-A7CA-192D5979D094}.Debug|x86.Build.0 = Debug|Any CPU
		{E6859A82-CA23-4BA9-A7CA-192D5979D094}.Release|Any CPU.ActiveCfg = Release|Any CPU
		{E6859A82-CA23-4BA9-A7CA-192D5979D094}.Release|Any CPU.Build.0 = Release|Any CPU
		{E6859A82-CA23-4BA9-A7CA-192D5979D094}.Release|x64.ActiveCfg = Release|Any CPU
		{E6859A82-CA23-4BA9-A7CA-192D5979D094}.Release|x64.Build.0 = Release|Any CPU
		{E6859A82-CA23-4BA9-A7CA-192D5979D094}.Release|x86.ActiveCfg = Release|Any CPU
		{E6859A82-CA23-4BA9-A7CA-192D5979D094}.Release|x86.Build.0 = Release|Any CPU
		{5A666E44-22FB-4584-8377-89DEE4F70ED4}.Debug|Any CPU.ActiveCfg = Debug|Any CPU
		{5A666E44-22FB-4584-8377-89DEE4F70ED4}.Debug|Any CPU.Build.0 = Debug|Any CPU
		{5A666E44-22FB-4584-8377-89DEE4F70ED4}.Debug|x64.ActiveCfg = Debug|Any CPU
		{5A666E44-22FB-4584-8377-89DEE4F70ED4}.Debug|x64.Build.0 = Debug|Any CPU
		{5A666E44-22FB-4584-8377-89DEE4F70ED4}.Debug|x86.ActiveCfg = Debug|Any CPU
		{5A666E44-22FB-4584-8377-89DEE4F70ED4}.Debug|x86.Build.0 = Debug|Any CPU
		{5A666E44-22FB-4584-8377-89DEE4F70ED4}.Release|Any CPU.ActiveCfg = Release|Any CPU
		{5A666E44-22FB-4584-8377-89DEE4F70ED4}.Release|Any CPU.Build.0 = Release|Any CPU
		{5A666E44-22FB-4584-8377-89DEE4F70ED4}.Release|x64.ActiveCfg = Release|Any CPU
		{5A666E44-22FB-4584-8377-89DEE4F70ED4}.Release|x64.Build.0 = Release|Any CPU
		{5A666E44-22FB-4584-8377-89DEE4F70ED4}.Release|x86.ActiveCfg = Release|Any CPU
		{5A666E44-22FB-4584-8377-89DEE4F70ED4}.Release|x86.Build.0 = Release|Any CPU
		{580DAE86-9864-476C-B946-816995D8D84D}.Debug|Any CPU.ActiveCfg = Debug|Any CPU
		{580DAE86-9864-476C-B946-816995D8D84D}.Debug|Any CPU.Build.0 = Debug|Any CPU
		{580DAE86-9864-476C-B946-816995D8D84D}.Debug|x64.ActiveCfg = Debug|Any CPU
		{580DAE86-9864-476C-B946-816995D8D84D}.Debug|x64.Build.0 = Debug|Any CPU
		{580DAE86-9864-476C-B946-816995D8D84D}.Debug|x86.ActiveCfg = Debug|Any CPU
		{580DAE86-9864-476C-B946-816995D8D84D}.Debug|x86.Build.0 = Debug|Any CPU
		{580DAE86-9864-476C-B946-816995D8D84D}.Release|Any CPU.ActiveCfg = Release|Any CPU
		{580DAE86-9864-476C-B946-816995D8D84D}.Release|Any CPU.Build.0 = Release|Any CPU
		{580DAE86-9864-476C-B946-816995D8D84D}.Release|x64.ActiveCfg = Release|Any CPU
		{580DAE86-9864-476C-B946-816995D8D84D}.Release|x64.Build.0 = Release|Any CPU
		{580DAE86-9864-476C-B946-816995D8D84D}.Release|x86.ActiveCfg = Release|Any CPU
		{580DAE86-9864-476C-B946-816995D8D84D}.Release|x86.Build.0 = Release|Any CPU
		{46DB42D0-8E97-4571-9C12-3CECA1146ACF}.Debug|Any CPU.ActiveCfg = Debug|Any CPU
		{46DB42D0-8E97-4571-9C12-3CECA1146ACF}.Debug|Any CPU.Build.0 = Debug|Any CPU
		{46DB42D0-8E97-4571-9C12-3CECA1146ACF}.Debug|x64.ActiveCfg = Debug|Any CPU
		{46DB42D0-8E97-4571-9C12-3CECA1146ACF}.Debug|x64.Build.0 = Debug|Any CPU
		{46DB42D0-8E97-4571-9C12-3CECA1146ACF}.Debug|x86.ActiveCfg = Debug|Any CPU
		{46DB42D0-8E97-4571-9C12-3CECA1146ACF}.Debug|x86.Build.0 = Debug|Any CPU
		{46DB42D0-8E97-4571-9C12-3CECA1146ACF}.Release|Any CPU.ActiveCfg = Release|Any CPU
		{46DB42D0-8E97-4571-9C12-3CECA1146ACF}.Release|Any CPU.Build.0 = Release|Any CPU
		{46DB42D0-8E97-4571-9C12-3CECA1146ACF}.Release|x64.ActiveCfg = Release|Any CPU
		{46DB42D0-8E97-4571-9C12-3CECA1146ACF}.Release|x64.Build.0 = Release|Any CPU
		{46DB42D0-8E97-4571-9C12-3CECA1146ACF}.Release|x86.ActiveCfg = Release|Any CPU
		{46DB42D0-8E97-4571-9C12-3CECA1146ACF}.Release|x86.Build.0 = Release|Any CPU
		{75138C66-4B18-41EC-8BF5-DFC813062390}.Debug|Any CPU.ActiveCfg = Debug|Any CPU
		{75138C66-4B18-41EC-8BF5-DFC813062390}.Debug|Any CPU.Build.0 = Debug|Any CPU
		{75138C66-4B18-41EC-8BF5-DFC813062390}.Debug|x64.ActiveCfg = Debug|Any CPU
		{75138C66-4B18-41EC-8BF5-DFC813062390}.Debug|x64.Build.0 = Debug|Any CPU
		{75138C66-4B18-41EC-8BF5-DFC813062390}.Debug|x86.ActiveCfg = Debug|Any CPU
		{75138C66-4B18-41EC-8BF5-DFC813062390}.Debug|x86.Build.0 = Debug|Any CPU
		{75138C66-4B18-41EC-8BF5-DFC813062390}.Release|Any CPU.ActiveCfg = Release|Any CPU
		{75138C66-4B18-41EC-8BF5-DFC813062390}.Release|Any CPU.Build.0 = Release|Any CPU
		{75138C66-4B18-41EC-8BF5-DFC813062390}.Release|x64.ActiveCfg = Release|Any CPU
		{75138C66-4B18-41EC-8BF5-DFC813062390}.Release|x64.Build.0 = Release|Any CPU
		{75138C66-4B18-41EC-8BF5-DFC813062390}.Release|x86.ActiveCfg = Release|Any CPU
		{75138C66-4B18-41EC-8BF5-DFC813062390}.Release|x86.Build.0 = Release|Any CPU
		{88350BB3-A387-4CB0-B6B9-B036B5A40C9E}.Debug|Any CPU.ActiveCfg = Debug|Any CPU
		{88350BB3-A387-4CB0-B6B9-B036B5A40C9E}.Debug|Any CPU.Build.0 = Debug|Any CPU
		{88350BB3-A387-4CB0-B6B9-B036B5A40C9E}.Debug|x64.ActiveCfg = Debug|Any CPU
		{88350BB3-A387-4CB0-B6B9-B036B5A40C9E}.Debug|x64.Build.0 = Debug|Any CPU
		{88350BB3-A387-4CB0-B6B9-B036B5A40C9E}.Debug|x86.ActiveCfg = Debug|Any CPU
		{88350BB3-A387-4CB0-B6B9-B036B5A40C9E}.Debug|x86.Build.0 = Debug|Any CPU
		{88350BB3-A387-4CB0-B6B9-B036B5A40C9E}.Release|Any CPU.ActiveCfg = Release|Any CPU
		{88350BB3-A387-4CB0-B6B9-B036B5A40C9E}.Release|Any CPU.Build.0 = Release|Any CPU
		{88350BB3-A387-4CB0-B6B9-B036B5A40C9E}.Release|x64.ActiveCfg = Release|Any CPU
		{88350BB3-A387-4CB0-B6B9-B036B5A40C9E}.Release|x64.Build.0 = Release|Any CPU
		{88350BB3-A387-4CB0-B6B9-B036B5A40C9E}.Release|x86.ActiveCfg = Release|Any CPU
		{88350BB3-A387-4CB0-B6B9-B036B5A40C9E}.Release|x86.Build.0 = Release|Any CPU
		{4D3F88D6-7106-4D3E-BD0C-6F2D0F67B828}.Debug|Any CPU.ActiveCfg = Debug|Any CPU
		{4D3F88D6-7106-4D3E-BD0C-6F2D0F67B828}.Debug|Any CPU.Build.0 = Debug|Any CPU
		{4D3F88D6-7106-4D3E-BD0C-6F2D0F67B828}.Debug|x64.ActiveCfg = Debug|Any CPU
		{4D3F88D6-7106-4D3E-BD0C-6F2D0F67B828}.Debug|x64.Build.0 = Debug|Any CPU
		{4D3F88D6-7106-4D3E-BD0C-6F2D0F67B828}.Debug|x86.ActiveCfg = Debug|Any CPU
		{4D3F88D6-7106-4D3E-BD0C-6F2D0F67B828}.Debug|x86.Build.0 = Debug|Any CPU
		{4D3F88D6-7106-4D3E-BD0C-6F2D0F67B828}.Release|Any CPU.ActiveCfg = Release|Any CPU
		{4D3F88D6-7106-4D3E-BD0C-6F2D0F67B828}.Release|Any CPU.Build.0 = Release|Any CPU
		{4D3F88D6-7106-4D3E-BD0C-6F2D0F67B828}.Release|x64.ActiveCfg = Release|Any CPU
		{4D3F88D6-7106-4D3E-BD0C-6F2D0F67B828}.Release|x64.Build.0 = Release|Any CPU
		{4D3F88D6-7106-4D3E-BD0C-6F2D0F67B828}.Release|x86.ActiveCfg = Release|Any CPU
		{4D3F88D6-7106-4D3E-BD0C-6F2D0F67B828}.Release|x86.Build.0 = Release|Any CPU
		{69CC9060-0EE1-474D-9488-5FE98158824E}.Debug|Any CPU.ActiveCfg = Debug|Any CPU
		{69CC9060-0EE1-474D-9488-5FE98158824E}.Debug|Any CPU.Build.0 = Debug|Any CPU
		{69CC9060-0EE1-474D-9488-5FE98158824E}.Debug|x64.ActiveCfg = Debug|Any CPU
		{69CC9060-0EE1-474D-9488-5FE98158824E}.Debug|x64.Build.0 = Debug|Any CPU
		{69CC9060-0EE1-474D-9488-5FE98158824E}.Debug|x86.ActiveCfg = Debug|Any CPU
		{69CC9060-0EE1-474D-9488-5FE98158824E}.Debug|x86.Build.0 = Debug|Any CPU
		{69CC9060-0EE1-474D-9488-5FE98158824E}.Release|Any CPU.ActiveCfg = Release|Any CPU
		{69CC9060-0EE1-474D-9488-5FE98158824E}.Release|Any CPU.Build.0 = Release|Any CPU
		{69CC9060-0EE1-474D-9488-5FE98158824E}.Release|x64.ActiveCfg = Release|Any CPU
		{69CC9060-0EE1-474D-9488-5FE98158824E}.Release|x64.Build.0 = Release|Any CPU
		{69CC9060-0EE1-474D-9488-5FE98158824E}.Release|x86.ActiveCfg = Release|Any CPU
		{69CC9060-0EE1-474D-9488-5FE98158824E}.Release|x86.Build.0 = Release|Any CPU
		{14B61C65-4145-422B-AA47-EF41F8AAA156}.Debug|Any CPU.ActiveCfg = Debug|Any CPU
		{14B61C65-4145-422B-AA47-EF41F8AAA156}.Debug|Any CPU.Build.0 = Debug|Any CPU
		{14B61C65-4145-422B-AA47-EF41F8AAA156}.Debug|x64.ActiveCfg = Debug|Any CPU
		{14B61C65-4145-422B-AA47-EF41F8AAA156}.Debug|x64.Build.0 = Debug|Any CPU
		{14B61C65-4145-422B-AA47-EF41F8AAA156}.Debug|x86.ActiveCfg = Debug|Any CPU
		{14B61C65-4145-422B-AA47-EF41F8AAA156}.Debug|x86.Build.0 = Debug|Any CPU
		{14B61C65-4145-422B-AA47-EF41F8AAA156}.Release|Any CPU.ActiveCfg = Release|Any CPU
		{14B61C65-4145-422B-AA47-EF41F8AAA156}.Release|Any CPU.Build.0 = Release|Any CPU
		{14B61C65-4145-422B-AA47-EF41F8AAA156}.Release|x64.ActiveCfg = Release|Any CPU
		{14B61C65-4145-422B-AA47-EF41F8AAA156}.Release|x64.Build.0 = Release|Any CPU
		{14B61C65-4145-422B-AA47-EF41F8AAA156}.Release|x86.ActiveCfg = Release|Any CPU
		{14B61C65-4145-422B-AA47-EF41F8AAA156}.Release|x86.Build.0 = Release|Any CPU
		{E25C8283-B5CB-4F5F-90DF-C27FBFB84493}.Debug|Any CPU.ActiveCfg = Debug|Any CPU
		{E25C8283-B5CB-4F5F-90DF-C27FBFB84493}.Debug|Any CPU.Build.0 = Debug|Any CPU
		{E25C8283-B5CB-4F5F-90DF-C27FBFB84493}.Debug|x64.ActiveCfg = Debug|Any CPU
		{E25C8283-B5CB-4F5F-90DF-C27FBFB84493}.Debug|x64.Build.0 = Debug|Any CPU
		{E25C8283-B5CB-4F5F-90DF-C27FBFB84493}.Debug|x86.ActiveCfg = Debug|Any CPU
		{E25C8283-B5CB-4F5F-90DF-C27FBFB84493}.Debug|x86.Build.0 = Debug|Any CPU
		{E25C8283-B5CB-4F5F-90DF-C27FBFB84493}.Release|Any CPU.ActiveCfg = Release|Any CPU
		{E25C8283-B5CB-4F5F-90DF-C27FBFB84493}.Release|Any CPU.Build.0 = Release|Any CPU
		{E25C8283-B5CB-4F5F-90DF-C27FBFB84493}.Release|x64.ActiveCfg = Release|Any CPU
		{E25C8283-B5CB-4F5F-90DF-C27FBFB84493}.Release|x64.Build.0 = Release|Any CPU
		{E25C8283-B5CB-4F5F-90DF-C27FBFB84493}.Release|x86.ActiveCfg = Release|Any CPU
		{E25C8283-B5CB-4F5F-90DF-C27FBFB84493}.Release|x86.Build.0 = Release|Any CPU
		{9B4E3761-0CE5-4C1C-94EE-EF4BD2AD2E6A}.Debug|Any CPU.ActiveCfg = Debug|Any CPU
		{9B4E3761-0CE5-4C1C-94EE-EF4BD2AD2E6A}.Debug|Any CPU.Build.0 = Debug|Any CPU
		{9B4E3761-0CE5-4C1C-94EE-EF4BD2AD2E6A}.Debug|x64.ActiveCfg = Debug|Any CPU
		{9B4E3761-0CE5-4C1C-94EE-EF4BD2AD2E6A}.Debug|x64.Build.0 = Debug|Any CPU
		{9B4E3761-0CE5-4C1C-94EE-EF4BD2AD2E6A}.Debug|x86.ActiveCfg = Debug|Any CPU
		{9B4E3761-0CE5-4C1C-94EE-EF4BD2AD2E6A}.Debug|x86.Build.0 = Debug|Any CPU
		{9B4E3761-0CE5-4C1C-94EE-EF4BD2AD2E6A}.Release|Any CPU.ActiveCfg = Release|Any CPU
		{9B4E3761-0CE5-4C1C-94EE-EF4BD2AD2E6A}.Release|Any CPU.Build.0 = Release|Any CPU
		{9B4E3761-0CE5-4C1C-94EE-EF4BD2AD2E6A}.Release|x64.ActiveCfg = Release|Any CPU
		{9B4E3761-0CE5-4C1C-94EE-EF4BD2AD2E6A}.Release|x64.Build.0 = Release|Any CPU
		{9B4E3761-0CE5-4C1C-94EE-EF4BD2AD2E6A}.Release|x86.ActiveCfg = Release|Any CPU
		{9B4E3761-0CE5-4C1C-94EE-EF4BD2AD2E6A}.Release|x86.Build.0 = Release|Any CPU
		{47221A80-F0EA-4F58-A500-27FB329D48B3}.Debug|Any CPU.ActiveCfg = Debug|Any CPU
		{47221A80-F0EA-4F58-A500-27FB329D48B3}.Debug|Any CPU.Build.0 = Debug|Any CPU
		{47221A80-F0EA-4F58-A500-27FB329D48B3}.Debug|x64.ActiveCfg = Debug|Any CPU
		{47221A80-F0EA-4F58-A500-27FB329D48B3}.Debug|x64.Build.0 = Debug|Any CPU
		{47221A80-F0EA-4F58-A500-27FB329D48B3}.Debug|x86.ActiveCfg = Debug|Any CPU
		{47221A80-F0EA-4F58-A500-27FB329D48B3}.Debug|x86.Build.0 = Debug|Any CPU
		{47221A80-F0EA-4F58-A500-27FB329D48B3}.Release|Any CPU.ActiveCfg = Release|Any CPU
		{47221A80-F0EA-4F58-A500-27FB329D48B3}.Release|Any CPU.Build.0 = Release|Any CPU
		{47221A80-F0EA-4F58-A500-27FB329D48B3}.Release|x64.ActiveCfg = Release|Any CPU
		{47221A80-F0EA-4F58-A500-27FB329D48B3}.Release|x64.Build.0 = Release|Any CPU
		{47221A80-F0EA-4F58-A500-27FB329D48B3}.Release|x86.ActiveCfg = Release|Any CPU
		{47221A80-F0EA-4F58-A500-27FB329D48B3}.Release|x86.Build.0 = Release|Any CPU
		{34CE4A2C-AE9E-43A1-A9C8-8CD76CB9C0CC}.Debug|Any CPU.ActiveCfg = Debug|Any CPU
		{34CE4A2C-AE9E-43A1-A9C8-8CD76CB9C0CC}.Debug|Any CPU.Build.0 = Debug|Any CPU
		{34CE4A2C-AE9E-43A1-A9C8-8CD76CB9C0CC}.Debug|x64.ActiveCfg = Debug|Any CPU
		{34CE4A2C-AE9E-43A1-A9C8-8CD76CB9C0CC}.Debug|x64.Build.0 = Debug|Any CPU
		{34CE4A2C-AE9E-43A1-A9C8-8CD76CB9C0CC}.Debug|x86.ActiveCfg = Debug|Any CPU
		{34CE4A2C-AE9E-43A1-A9C8-8CD76CB9C0CC}.Debug|x86.Build.0 = Debug|Any CPU
		{34CE4A2C-AE9E-43A1-A9C8-8CD76CB9C0CC}.Release|Any CPU.ActiveCfg = Release|Any CPU
		{34CE4A2C-AE9E-43A1-A9C8-8CD76CB9C0CC}.Release|Any CPU.Build.0 = Release|Any CPU
		{34CE4A2C-AE9E-43A1-A9C8-8CD76CB9C0CC}.Release|x64.ActiveCfg = Release|Any CPU
		{34CE4A2C-AE9E-43A1-A9C8-8CD76CB9C0CC}.Release|x64.Build.0 = Release|Any CPU
		{34CE4A2C-AE9E-43A1-A9C8-8CD76CB9C0CC}.Release|x86.ActiveCfg = Release|Any CPU
		{34CE4A2C-AE9E-43A1-A9C8-8CD76CB9C0CC}.Release|x86.Build.0 = Release|Any CPU
		{B6ED774B-CAAF-4D15-B5E2-F9DC510475A4}.Debug|Any CPU.ActiveCfg = Debug|Any CPU
		{B6ED774B-CAAF-4D15-B5E2-F9DC510475A4}.Debug|Any CPU.Build.0 = Debug|Any CPU
		{B6ED774B-CAAF-4D15-B5E2-F9DC510475A4}.Debug|x64.ActiveCfg = Debug|Any CPU
		{B6ED774B-CAAF-4D15-B5E2-F9DC510475A4}.Debug|x64.Build.0 = Debug|Any CPU
		{B6ED774B-CAAF-4D15-B5E2-F9DC510475A4}.Debug|x86.ActiveCfg = Debug|Any CPU
		{B6ED774B-CAAF-4D15-B5E2-F9DC510475A4}.Debug|x86.Build.0 = Debug|Any CPU
		{B6ED774B-CAAF-4D15-B5E2-F9DC510475A4}.Release|Any CPU.ActiveCfg = Release|Any CPU
		{B6ED774B-CAAF-4D15-B5E2-F9DC510475A4}.Release|Any CPU.Build.0 = Release|Any CPU
		{B6ED774B-CAAF-4D15-B5E2-F9DC510475A4}.Release|x64.ActiveCfg = Release|Any CPU
		{B6ED774B-CAAF-4D15-B5E2-F9DC510475A4}.Release|x64.Build.0 = Release|Any CPU
		{B6ED774B-CAAF-4D15-B5E2-F9DC510475A4}.Release|x86.ActiveCfg = Release|Any CPU
		{B6ED774B-CAAF-4D15-B5E2-F9DC510475A4}.Release|x86.Build.0 = Release|Any CPU
		{7C0CD795-E0AA-4F63-944F-AC2D73D476E2}.Debug|Any CPU.ActiveCfg = Debug|Any CPU
		{7C0CD795-E0AA-4F63-944F-AC2D73D476E2}.Debug|Any CPU.Build.0 = Debug|Any CPU
		{7C0CD795-E0AA-4F63-944F-AC2D73D476E2}.Debug|x64.ActiveCfg = Debug|Any CPU
		{7C0CD795-E0AA-4F63-944F-AC2D73D476E2}.Debug|x64.Build.0 = Debug|Any CPU
		{7C0CD795-E0AA-4F63-944F-AC2D73D476E2}.Debug|x86.ActiveCfg = Debug|Any CPU
		{7C0CD795-E0AA-4F63-944F-AC2D73D476E2}.Debug|x86.Build.0 = Debug|Any CPU
		{7C0CD795-E0AA-4F63-944F-AC2D73D476E2}.Release|Any CPU.ActiveCfg = Release|Any CPU
		{7C0CD795-E0AA-4F63-944F-AC2D73D476E2}.Release|Any CPU.Build.0 = Release|Any CPU
		{7C0CD795-E0AA-4F63-944F-AC2D73D476E2}.Release|x64.ActiveCfg = Release|Any CPU
		{7C0CD795-E0AA-4F63-944F-AC2D73D476E2}.Release|x64.Build.0 = Release|Any CPU
		{7C0CD795-E0AA-4F63-944F-AC2D73D476E2}.Release|x86.ActiveCfg = Release|Any CPU
		{7C0CD795-E0AA-4F63-944F-AC2D73D476E2}.Release|x86.Build.0 = Release|Any CPU
		{67045F89-DB68-44F7-A72B-1B95E6C59579}.Debug|Any CPU.ActiveCfg = Debug|Any CPU
		{67045F89-DB68-44F7-A72B-1B95E6C59579}.Debug|Any CPU.Build.0 = Debug|Any CPU
		{67045F89-DB68-44F7-A72B-1B95E6C59579}.Debug|x64.ActiveCfg = Debug|Any CPU
		{67045F89-DB68-44F7-A72B-1B95E6C59579}.Debug|x64.Build.0 = Debug|Any CPU
		{67045F89-DB68-44F7-A72B-1B95E6C59579}.Debug|x86.ActiveCfg = Debug|Any CPU
		{67045F89-DB68-44F7-A72B-1B95E6C59579}.Debug|x86.Build.0 = Debug|Any CPU
		{67045F89-DB68-44F7-A72B-1B95E6C59579}.Release|Any CPU.ActiveCfg = Release|Any CPU
		{67045F89-DB68-44F7-A72B-1B95E6C59579}.Release|Any CPU.Build.0 = Release|Any CPU
		{67045F89-DB68-44F7-A72B-1B95E6C59579}.Release|x64.ActiveCfg = Release|Any CPU
		{67045F89-DB68-44F7-A72B-1B95E6C59579}.Release|x64.Build.0 = Release|Any CPU
		{67045F89-DB68-44F7-A72B-1B95E6C59579}.Release|x86.ActiveCfg = Release|Any CPU
		{67045F89-DB68-44F7-A72B-1B95E6C59579}.Release|x86.Build.0 = Release|Any CPU
		{BC0F7D01-B68A-4EC6-AA6A-9AD8E717F23C}.Debug|Any CPU.ActiveCfg = Debug|Any CPU
		{BC0F7D01-B68A-4EC6-AA6A-9AD8E717F23C}.Debug|Any CPU.Build.0 = Debug|Any CPU
		{BC0F7D01-B68A-4EC6-AA6A-9AD8E717F23C}.Debug|x64.ActiveCfg = Debug|Any CPU
		{BC0F7D01-B68A-4EC6-AA6A-9AD8E717F23C}.Debug|x64.Build.0 = Debug|Any CPU
		{BC0F7D01-B68A-4EC6-AA6A-9AD8E717F23C}.Debug|x86.ActiveCfg = Debug|Any CPU
		{BC0F7D01-B68A-4EC6-AA6A-9AD8E717F23C}.Debug|x86.Build.0 = Debug|Any CPU
		{BC0F7D01-B68A-4EC6-AA6A-9AD8E717F23C}.Release|Any CPU.ActiveCfg = Release|Any CPU
		{BC0F7D01-B68A-4EC6-AA6A-9AD8E717F23C}.Release|Any CPU.Build.0 = Release|Any CPU
		{BC0F7D01-B68A-4EC6-AA6A-9AD8E717F23C}.Release|x64.ActiveCfg = Release|Any CPU
		{BC0F7D01-B68A-4EC6-AA6A-9AD8E717F23C}.Release|x64.Build.0 = Release|Any CPU
		{BC0F7D01-B68A-4EC6-AA6A-9AD8E717F23C}.Release|x86.ActiveCfg = Release|Any CPU
		{BC0F7D01-B68A-4EC6-AA6A-9AD8E717F23C}.Release|x86.Build.0 = Release|Any CPU
		{0E59F86B-25FE-4575-AB65-C399F639E9E8}.Debug|Any CPU.ActiveCfg = Debug|Any CPU
		{0E59F86B-25FE-4575-AB65-C399F639E9E8}.Debug|Any CPU.Build.0 = Debug|Any CPU
		{0E59F86B-25FE-4575-AB65-C399F639E9E8}.Debug|x64.ActiveCfg = Debug|Any CPU
		{0E59F86B-25FE-4575-AB65-C399F639E9E8}.Debug|x64.Build.0 = Debug|Any CPU
		{0E59F86B-25FE-4575-AB65-C399F639E9E8}.Debug|x86.ActiveCfg = Debug|Any CPU
		{0E59F86B-25FE-4575-AB65-C399F639E9E8}.Debug|x86.Build.0 = Debug|Any CPU
		{0E59F86B-25FE-4575-AB65-C399F639E9E8}.Release|Any CPU.ActiveCfg = Release|Any CPU
		{0E59F86B-25FE-4575-AB65-C399F639E9E8}.Release|Any CPU.Build.0 = Release|Any CPU
		{0E59F86B-25FE-4575-AB65-C399F639E9E8}.Release|x64.ActiveCfg = Release|Any CPU
		{0E59F86B-25FE-4575-AB65-C399F639E9E8}.Release|x64.Build.0 = Release|Any CPU
		{0E59F86B-25FE-4575-AB65-C399F639E9E8}.Release|x86.ActiveCfg = Release|Any CPU
		{0E59F86B-25FE-4575-AB65-C399F639E9E8}.Release|x86.Build.0 = Release|Any CPU
		{7C367BCA-3FAB-4957-8AF7-06E1EEF94CD0}.Debug|Any CPU.ActiveCfg = Debug|Any CPU
		{7C367BCA-3FAB-4957-8AF7-06E1EEF94CD0}.Debug|Any CPU.Build.0 = Debug|Any CPU
		{7C367BCA-3FAB-4957-8AF7-06E1EEF94CD0}.Debug|x64.ActiveCfg = Debug|Any CPU
		{7C367BCA-3FAB-4957-8AF7-06E1EEF94CD0}.Debug|x64.Build.0 = Debug|Any CPU
		{7C367BCA-3FAB-4957-8AF7-06E1EEF94CD0}.Debug|x86.ActiveCfg = Debug|Any CPU
		{7C367BCA-3FAB-4957-8AF7-06E1EEF94CD0}.Debug|x86.Build.0 = Debug|Any CPU
		{7C367BCA-3FAB-4957-8AF7-06E1EEF94CD0}.Release|Any CPU.ActiveCfg = Release|Any CPU
		{7C367BCA-3FAB-4957-8AF7-06E1EEF94CD0}.Release|Any CPU.Build.0 = Release|Any CPU
		{7C367BCA-3FAB-4957-8AF7-06E1EEF94CD0}.Release|x64.ActiveCfg = Release|Any CPU
		{7C367BCA-3FAB-4957-8AF7-06E1EEF94CD0}.Release|x64.Build.0 = Release|Any CPU
		{7C367BCA-3FAB-4957-8AF7-06E1EEF94CD0}.Release|x86.ActiveCfg = Release|Any CPU
		{7C367BCA-3FAB-4957-8AF7-06E1EEF94CD0}.Release|x86.Build.0 = Release|Any CPU
		{A7A92B94-1B78-45B3-A290-9CEC78ED7C84}.Debug|Any CPU.ActiveCfg = Debug|Any CPU
		{A7A92B94-1B78-45B3-A290-9CEC78ED7C84}.Debug|Any CPU.Build.0 = Debug|Any CPU
		{A7A92B94-1B78-45B3-A290-9CEC78ED7C84}.Debug|x64.ActiveCfg = Debug|Any CPU
		{A7A92B94-1B78-45B3-A290-9CEC78ED7C84}.Debug|x64.Build.0 = Debug|Any CPU
		{A7A92B94-1B78-45B3-A290-9CEC78ED7C84}.Debug|x86.ActiveCfg = Debug|Any CPU
		{A7A92B94-1B78-45B3-A290-9CEC78ED7C84}.Debug|x86.Build.0 = Debug|Any CPU
		{A7A92B94-1B78-45B3-A290-9CEC78ED7C84}.Release|Any CPU.ActiveCfg = Release|Any CPU
		{A7A92B94-1B78-45B3-A290-9CEC78ED7C84}.Release|Any CPU.Build.0 = Release|Any CPU
		{A7A92B94-1B78-45B3-A290-9CEC78ED7C84}.Release|x64.ActiveCfg = Release|Any CPU
		{A7A92B94-1B78-45B3-A290-9CEC78ED7C84}.Release|x64.Build.0 = Release|Any CPU
		{A7A92B94-1B78-45B3-A290-9CEC78ED7C84}.Release|x86.ActiveCfg = Release|Any CPU
		{A7A92B94-1B78-45B3-A290-9CEC78ED7C84}.Release|x86.Build.0 = Release|Any CPU
		{BF1176EC-064F-4610-A6FB-1F07E657BB38}.Debug|Any CPU.ActiveCfg = Debug|Any CPU
		{BF1176EC-064F-4610-A6FB-1F07E657BB38}.Debug|Any CPU.Build.0 = Debug|Any CPU
		{BF1176EC-064F-4610-A6FB-1F07E657BB38}.Debug|x64.ActiveCfg = Debug|Any CPU
		{BF1176EC-064F-4610-A6FB-1F07E657BB38}.Debug|x64.Build.0 = Debug|Any CPU
		{BF1176EC-064F-4610-A6FB-1F07E657BB38}.Debug|x86.ActiveCfg = Debug|Any CPU
		{BF1176EC-064F-4610-A6FB-1F07E657BB38}.Debug|x86.Build.0 = Debug|Any CPU
		{BF1176EC-064F-4610-A6FB-1F07E657BB38}.Release|Any CPU.ActiveCfg = Release|Any CPU
		{BF1176EC-064F-4610-A6FB-1F07E657BB38}.Release|Any CPU.Build.0 = Release|Any CPU
		{BF1176EC-064F-4610-A6FB-1F07E657BB38}.Release|x64.ActiveCfg = Release|Any CPU
		{BF1176EC-064F-4610-A6FB-1F07E657BB38}.Release|x64.Build.0 = Release|Any CPU
		{BF1176EC-064F-4610-A6FB-1F07E657BB38}.Release|x86.ActiveCfg = Release|Any CPU
		{BF1176EC-064F-4610-A6FB-1F07E657BB38}.Release|x86.Build.0 = Release|Any CPU
		{959A33A9-5FB9-4806-802F-02DF2ECAC31E}.Debug|Any CPU.ActiveCfg = Debug|Any CPU
		{959A33A9-5FB9-4806-802F-02DF2ECAC31E}.Debug|Any CPU.Build.0 = Debug|Any CPU
		{959A33A9-5FB9-4806-802F-02DF2ECAC31E}.Debug|x64.ActiveCfg = Debug|Any CPU
		{959A33A9-5FB9-4806-802F-02DF2ECAC31E}.Debug|x64.Build.0 = Debug|Any CPU
		{959A33A9-5FB9-4806-802F-02DF2ECAC31E}.Debug|x86.ActiveCfg = Debug|Any CPU
		{959A33A9-5FB9-4806-802F-02DF2ECAC31E}.Debug|x86.Build.0 = Debug|Any CPU
		{959A33A9-5FB9-4806-802F-02DF2ECAC31E}.Release|Any CPU.ActiveCfg = Release|Any CPU
		{959A33A9-5FB9-4806-802F-02DF2ECAC31E}.Release|Any CPU.Build.0 = Release|Any CPU
		{959A33A9-5FB9-4806-802F-02DF2ECAC31E}.Release|x64.ActiveCfg = Release|Any CPU
		{959A33A9-5FB9-4806-802F-02DF2ECAC31E}.Release|x64.Build.0 = Release|Any CPU
		{959A33A9-5FB9-4806-802F-02DF2ECAC31E}.Release|x86.ActiveCfg = Release|Any CPU
		{959A33A9-5FB9-4806-802F-02DF2ECAC31E}.Release|x86.Build.0 = Release|Any CPU
		{328185C8-0279-4039-895B-5EB92394F003}.Debug|Any CPU.ActiveCfg = Debug|Any CPU
		{328185C8-0279-4039-895B-5EB92394F003}.Debug|Any CPU.Build.0 = Debug|Any CPU
		{328185C8-0279-4039-895B-5EB92394F003}.Debug|x64.ActiveCfg = Debug|Any CPU
		{328185C8-0279-4039-895B-5EB92394F003}.Debug|x64.Build.0 = Debug|Any CPU
		{328185C8-0279-4039-895B-5EB92394F003}.Debug|x86.ActiveCfg = Debug|Any CPU
		{328185C8-0279-4039-895B-5EB92394F003}.Debug|x86.Build.0 = Debug|Any CPU
		{328185C8-0279-4039-895B-5EB92394F003}.Release|Any CPU.ActiveCfg = Release|Any CPU
		{328185C8-0279-4039-895B-5EB92394F003}.Release|Any CPU.Build.0 = Release|Any CPU
		{328185C8-0279-4039-895B-5EB92394F003}.Release|x64.ActiveCfg = Release|Any CPU
		{328185C8-0279-4039-895B-5EB92394F003}.Release|x64.Build.0 = Release|Any CPU
		{328185C8-0279-4039-895B-5EB92394F003}.Release|x86.ActiveCfg = Release|Any CPU
		{328185C8-0279-4039-895B-5EB92394F003}.Release|x86.Build.0 = Release|Any CPU
		{A9833D58-C47A-49D8-AF31-E32D46356024}.Debug|Any CPU.ActiveCfg = Debug|Any CPU
		{A9833D58-C47A-49D8-AF31-E32D46356024}.Debug|Any CPU.Build.0 = Debug|Any CPU
		{A9833D58-C47A-49D8-AF31-E32D46356024}.Debug|x64.ActiveCfg = Debug|Any CPU
		{A9833D58-C47A-49D8-AF31-E32D46356024}.Debug|x64.Build.0 = Debug|Any CPU
		{A9833D58-C47A-49D8-AF31-E32D46356024}.Debug|x86.ActiveCfg = Debug|Any CPU
		{A9833D58-C47A-49D8-AF31-E32D46356024}.Debug|x86.Build.0 = Debug|Any CPU
		{A9833D58-C47A-49D8-AF31-E32D46356024}.Release|Any CPU.ActiveCfg = Release|Any CPU
		{A9833D58-C47A-49D8-AF31-E32D46356024}.Release|Any CPU.Build.0 = Release|Any CPU
		{A9833D58-C47A-49D8-AF31-E32D46356024}.Release|x64.ActiveCfg = Release|Any CPU
		{A9833D58-C47A-49D8-AF31-E32D46356024}.Release|x64.Build.0 = Release|Any CPU
		{A9833D58-C47A-49D8-AF31-E32D46356024}.Release|x86.ActiveCfg = Release|Any CPU
		{A9833D58-C47A-49D8-AF31-E32D46356024}.Release|x86.Build.0 = Release|Any CPU
		{00ACCA79-FBBE-458F-93B7-8D83D8E88A32}.Debug|Any CPU.ActiveCfg = Debug|Any CPU
		{00ACCA79-FBBE-458F-93B7-8D83D8E88A32}.Debug|Any CPU.Build.0 = Debug|Any CPU
		{00ACCA79-FBBE-458F-93B7-8D83D8E88A32}.Debug|x64.ActiveCfg = Debug|Any CPU
		{00ACCA79-FBBE-458F-93B7-8D83D8E88A32}.Debug|x64.Build.0 = Debug|Any CPU
		{00ACCA79-FBBE-458F-93B7-8D83D8E88A32}.Debug|x86.ActiveCfg = Debug|Any CPU
		{00ACCA79-FBBE-458F-93B7-8D83D8E88A32}.Debug|x86.Build.0 = Debug|Any CPU
		{00ACCA79-FBBE-458F-93B7-8D83D8E88A32}.Release|Any CPU.ActiveCfg = Release|Any CPU
		{00ACCA79-FBBE-458F-93B7-8D83D8E88A32}.Release|Any CPU.Build.0 = Release|Any CPU
		{00ACCA79-FBBE-458F-93B7-8D83D8E88A32}.Release|x64.ActiveCfg = Release|Any CPU
		{00ACCA79-FBBE-458F-93B7-8D83D8E88A32}.Release|x64.Build.0 = Release|Any CPU
		{00ACCA79-FBBE-458F-93B7-8D83D8E88A32}.Release|x86.ActiveCfg = Release|Any CPU
		{00ACCA79-FBBE-458F-93B7-8D83D8E88A32}.Release|x86.Build.0 = Release|Any CPU
		{0F8580DF-D42C-4963-B453-B72E8C9D3AA6}.Debug|Any CPU.ActiveCfg = Debug|Any CPU
		{0F8580DF-D42C-4963-B453-B72E8C9D3AA6}.Debug|Any CPU.Build.0 = Debug|Any CPU
		{0F8580DF-D42C-4963-B453-B72E8C9D3AA6}.Debug|x64.ActiveCfg = Debug|Any CPU
		{0F8580DF-D42C-4963-B453-B72E8C9D3AA6}.Debug|x64.Build.0 = Debug|Any CPU
		{0F8580DF-D42C-4963-B453-B72E8C9D3AA6}.Debug|x86.ActiveCfg = Debug|Any CPU
		{0F8580DF-D42C-4963-B453-B72E8C9D3AA6}.Debug|x86.Build.0 = Debug|Any CPU
		{0F8580DF-D42C-4963-B453-B72E8C9D3AA6}.Release|Any CPU.ActiveCfg = Release|Any CPU
		{0F8580DF-D42C-4963-B453-B72E8C9D3AA6}.Release|Any CPU.Build.0 = Release|Any CPU
		{0F8580DF-D42C-4963-B453-B72E8C9D3AA6}.Release|x64.ActiveCfg = Release|Any CPU
		{0F8580DF-D42C-4963-B453-B72E8C9D3AA6}.Release|x64.Build.0 = Release|Any CPU
		{0F8580DF-D42C-4963-B453-B72E8C9D3AA6}.Release|x86.ActiveCfg = Release|Any CPU
		{0F8580DF-D42C-4963-B453-B72E8C9D3AA6}.Release|x86.Build.0 = Release|Any CPU
		{D645A253-B3B4-457D-B70F-346AFA5D597C}.Debug|Any CPU.ActiveCfg = Debug|Any CPU
		{D645A253-B3B4-457D-B70F-346AFA5D597C}.Debug|Any CPU.Build.0 = Debug|Any CPU
		{D645A253-B3B4-457D-B70F-346AFA5D597C}.Debug|x64.ActiveCfg = Debug|Any CPU
		{D645A253-B3B4-457D-B70F-346AFA5D597C}.Debug|x64.Build.0 = Debug|Any CPU
		{D645A253-B3B4-457D-B70F-346AFA5D597C}.Debug|x86.ActiveCfg = Debug|Any CPU
		{D645A253-B3B4-457D-B70F-346AFA5D597C}.Debug|x86.Build.0 = Debug|Any CPU
		{D645A253-B3B4-457D-B70F-346AFA5D597C}.Release|Any CPU.ActiveCfg = Release|Any CPU
		{D645A253-B3B4-457D-B70F-346AFA5D597C}.Release|Any CPU.Build.0 = Release|Any CPU
		{D645A253-B3B4-457D-B70F-346AFA5D597C}.Release|x64.ActiveCfg = Release|Any CPU
		{D645A253-B3B4-457D-B70F-346AFA5D597C}.Release|x64.Build.0 = Release|Any CPU
		{D645A253-B3B4-457D-B70F-346AFA5D597C}.Release|x86.ActiveCfg = Release|Any CPU
		{D645A253-B3B4-457D-B70F-346AFA5D597C}.Release|x86.Build.0 = Release|Any CPU
		{25F902D9-4718-4C95-9AD6-4F37E939C7C7}.Debug|Any CPU.ActiveCfg = Debug|Any CPU
		{25F902D9-4718-4C95-9AD6-4F37E939C7C7}.Debug|Any CPU.Build.0 = Debug|Any CPU
		{25F902D9-4718-4C95-9AD6-4F37E939C7C7}.Debug|x64.ActiveCfg = Debug|Any CPU
		{25F902D9-4718-4C95-9AD6-4F37E939C7C7}.Debug|x64.Build.0 = Debug|Any CPU
		{25F902D9-4718-4C95-9AD6-4F37E939C7C7}.Debug|x86.ActiveCfg = Debug|Any CPU
		{25F902D9-4718-4C95-9AD6-4F37E939C7C7}.Debug|x86.Build.0 = Debug|Any CPU
		{25F902D9-4718-4C95-9AD6-4F37E939C7C7}.Release|Any CPU.ActiveCfg = Release|Any CPU
		{25F902D9-4718-4C95-9AD6-4F37E939C7C7}.Release|Any CPU.Build.0 = Release|Any CPU
		{25F902D9-4718-4C95-9AD6-4F37E939C7C7}.Release|x64.ActiveCfg = Release|Any CPU
		{25F902D9-4718-4C95-9AD6-4F37E939C7C7}.Release|x64.Build.0 = Release|Any CPU
		{25F902D9-4718-4C95-9AD6-4F37E939C7C7}.Release|x86.ActiveCfg = Release|Any CPU
		{25F902D9-4718-4C95-9AD6-4F37E939C7C7}.Release|x86.Build.0 = Release|Any CPU
		{D4903E55-2355-4808-B400-5183DD4B31CC}.Debug|Any CPU.ActiveCfg = Debug|Any CPU
		{D4903E55-2355-4808-B400-5183DD4B31CC}.Debug|Any CPU.Build.0 = Debug|Any CPU
		{D4903E55-2355-4808-B400-5183DD4B31CC}.Debug|x64.ActiveCfg = Debug|Any CPU
		{D4903E55-2355-4808-B400-5183DD4B31CC}.Debug|x64.Build.0 = Debug|Any CPU
		{D4903E55-2355-4808-B400-5183DD4B31CC}.Debug|x86.ActiveCfg = Debug|Any CPU
		{D4903E55-2355-4808-B400-5183DD4B31CC}.Debug|x86.Build.0 = Debug|Any CPU
		{D4903E55-2355-4808-B400-5183DD4B31CC}.Release|Any CPU.ActiveCfg = Release|Any CPU
		{D4903E55-2355-4808-B400-5183DD4B31CC}.Release|Any CPU.Build.0 = Release|Any CPU
		{D4903E55-2355-4808-B400-5183DD4B31CC}.Release|x64.ActiveCfg = Release|Any CPU
		{D4903E55-2355-4808-B400-5183DD4B31CC}.Release|x64.Build.0 = Release|Any CPU
		{D4903E55-2355-4808-B400-5183DD4B31CC}.Release|x86.ActiveCfg = Release|Any CPU
		{D4903E55-2355-4808-B400-5183DD4B31CC}.Release|x86.Build.0 = Release|Any CPU
		{4B57663C-FF18-4B51-8985-6905F4D7CB8E}.Debug|Any CPU.ActiveCfg = Debug|Any CPU
		{4B57663C-FF18-4B51-8985-6905F4D7CB8E}.Debug|Any CPU.Build.0 = Debug|Any CPU
		{4B57663C-FF18-4B51-8985-6905F4D7CB8E}.Debug|x64.ActiveCfg = Debug|Any CPU
		{4B57663C-FF18-4B51-8985-6905F4D7CB8E}.Debug|x64.Build.0 = Debug|Any CPU
		{4B57663C-FF18-4B51-8985-6905F4D7CB8E}.Debug|x86.ActiveCfg = Debug|Any CPU
		{4B57663C-FF18-4B51-8985-6905F4D7CB8E}.Debug|x86.Build.0 = Debug|Any CPU
		{4B57663C-FF18-4B51-8985-6905F4D7CB8E}.Release|Any CPU.ActiveCfg = Release|Any CPU
		{4B57663C-FF18-4B51-8985-6905F4D7CB8E}.Release|Any CPU.Build.0 = Release|Any CPU
		{4B57663C-FF18-4B51-8985-6905F4D7CB8E}.Release|x64.ActiveCfg = Release|Any CPU
		{4B57663C-FF18-4B51-8985-6905F4D7CB8E}.Release|x64.Build.0 = Release|Any CPU
		{4B57663C-FF18-4B51-8985-6905F4D7CB8E}.Release|x86.ActiveCfg = Release|Any CPU
		{4B57663C-FF18-4B51-8985-6905F4D7CB8E}.Release|x86.Build.0 = Release|Any CPU
		{696751C1-D190-4ED7-806A-C68139878B56}.Debug|Any CPU.ActiveCfg = Debug|Any CPU
		{696751C1-D190-4ED7-806A-C68139878B56}.Debug|Any CPU.Build.0 = Debug|Any CPU
		{696751C1-D190-4ED7-806A-C68139878B56}.Debug|x64.ActiveCfg = Debug|Any CPU
		{696751C1-D190-4ED7-806A-C68139878B56}.Debug|x64.Build.0 = Debug|Any CPU
		{696751C1-D190-4ED7-806A-C68139878B56}.Debug|x86.ActiveCfg = Debug|Any CPU
		{696751C1-D190-4ED7-806A-C68139878B56}.Debug|x86.Build.0 = Debug|Any CPU
		{696751C1-D190-4ED7-806A-C68139878B56}.Release|Any CPU.ActiveCfg = Release|Any CPU
		{696751C1-D190-4ED7-806A-C68139878B56}.Release|Any CPU.Build.0 = Release|Any CPU
		{696751C1-D190-4ED7-806A-C68139878B56}.Release|x64.ActiveCfg = Release|Any CPU
		{696751C1-D190-4ED7-806A-C68139878B56}.Release|x64.Build.0 = Release|Any CPU
		{696751C1-D190-4ED7-806A-C68139878B56}.Release|x86.ActiveCfg = Release|Any CPU
		{696751C1-D190-4ED7-806A-C68139878B56}.Release|x86.Build.0 = Release|Any CPU
		{B8A9431D-F237-40E4-B8C9-D80514219ED7}.Debug|Any CPU.ActiveCfg = Debug|Any CPU
		{B8A9431D-F237-40E4-B8C9-D80514219ED7}.Debug|Any CPU.Build.0 = Debug|Any CPU
		{B8A9431D-F237-40E4-B8C9-D80514219ED7}.Debug|x64.ActiveCfg = Debug|Any CPU
		{B8A9431D-F237-40E4-B8C9-D80514219ED7}.Debug|x64.Build.0 = Debug|Any CPU
		{B8A9431D-F237-40E4-B8C9-D80514219ED7}.Debug|x86.ActiveCfg = Debug|Any CPU
		{B8A9431D-F237-40E4-B8C9-D80514219ED7}.Debug|x86.Build.0 = Debug|Any CPU
		{B8A9431D-F237-40E4-B8C9-D80514219ED7}.Release|Any CPU.ActiveCfg = Release|Any CPU
		{B8A9431D-F237-40E4-B8C9-D80514219ED7}.Release|Any CPU.Build.0 = Release|Any CPU
		{B8A9431D-F237-40E4-B8C9-D80514219ED7}.Release|x64.ActiveCfg = Release|Any CPU
		{B8A9431D-F237-40E4-B8C9-D80514219ED7}.Release|x64.Build.0 = Release|Any CPU
		{B8A9431D-F237-40E4-B8C9-D80514219ED7}.Release|x86.ActiveCfg = Release|Any CPU
		{B8A9431D-F237-40E4-B8C9-D80514219ED7}.Release|x86.Build.0 = Release|Any CPU
		{3F7683CE-CF90-408D-893D-AD645B01C49B}.Debug|Any CPU.ActiveCfg = Debug|Any CPU
		{3F7683CE-CF90-408D-893D-AD645B01C49B}.Debug|Any CPU.Build.0 = Debug|Any CPU
		{3F7683CE-CF90-408D-893D-AD645B01C49B}.Debug|x64.ActiveCfg = Debug|Any CPU
		{3F7683CE-CF90-408D-893D-AD645B01C49B}.Debug|x64.Build.0 = Debug|Any CPU
		{3F7683CE-CF90-408D-893D-AD645B01C49B}.Debug|x86.ActiveCfg = Debug|Any CPU
		{3F7683CE-CF90-408D-893D-AD645B01C49B}.Debug|x86.Build.0 = Debug|Any CPU
		{3F7683CE-CF90-408D-893D-AD645B01C49B}.Release|Any CPU.ActiveCfg = Release|Any CPU
		{3F7683CE-CF90-408D-893D-AD645B01C49B}.Release|Any CPU.Build.0 = Release|Any CPU
		{3F7683CE-CF90-408D-893D-AD645B01C49B}.Release|x64.ActiveCfg = Release|Any CPU
		{3F7683CE-CF90-408D-893D-AD645B01C49B}.Release|x64.Build.0 = Release|Any CPU
		{3F7683CE-CF90-408D-893D-AD645B01C49B}.Release|x86.ActiveCfg = Release|Any CPU
		{3F7683CE-CF90-408D-893D-AD645B01C49B}.Release|x86.Build.0 = Release|Any CPU
		{38FFF998-D6CF-48CB-AB3A-D5AA609CAFB8}.Debug|Any CPU.ActiveCfg = Debug|Any CPU
		{38FFF998-D6CF-48CB-AB3A-D5AA609CAFB8}.Debug|Any CPU.Build.0 = Debug|Any CPU
		{38FFF998-D6CF-48CB-AB3A-D5AA609CAFB8}.Debug|x64.ActiveCfg = Debug|Any CPU
		{38FFF998-D6CF-48CB-AB3A-D5AA609CAFB8}.Debug|x64.Build.0 = Debug|Any CPU
		{38FFF998-D6CF-48CB-AB3A-D5AA609CAFB8}.Debug|x86.ActiveCfg = Debug|Any CPU
		{38FFF998-D6CF-48CB-AB3A-D5AA609CAFB8}.Debug|x86.Build.0 = Debug|Any CPU
		{38FFF998-D6CF-48CB-AB3A-D5AA609CAFB8}.Release|Any CPU.ActiveCfg = Release|Any CPU
		{38FFF998-D6CF-48CB-AB3A-D5AA609CAFB8}.Release|Any CPU.Build.0 = Release|Any CPU
		{38FFF998-D6CF-48CB-AB3A-D5AA609CAFB8}.Release|x64.ActiveCfg = Release|Any CPU
		{38FFF998-D6CF-48CB-AB3A-D5AA609CAFB8}.Release|x64.Build.0 = Release|Any CPU
		{38FFF998-D6CF-48CB-AB3A-D5AA609CAFB8}.Release|x86.ActiveCfg = Release|Any CPU
		{38FFF998-D6CF-48CB-AB3A-D5AA609CAFB8}.Release|x86.Build.0 = Release|Any CPU
		{D0E3AE93-DDDA-4C3A-8A52-14CC0C1F7F6F}.Debug|Any CPU.ActiveCfg = Debug|Any CPU
		{D0E3AE93-DDDA-4C3A-8A52-14CC0C1F7F6F}.Debug|Any CPU.Build.0 = Debug|Any CPU
		{D0E3AE93-DDDA-4C3A-8A52-14CC0C1F7F6F}.Debug|x64.ActiveCfg = Debug|Any CPU
		{D0E3AE93-DDDA-4C3A-8A52-14CC0C1F7F6F}.Debug|x64.Build.0 = Debug|Any CPU
		{D0E3AE93-DDDA-4C3A-8A52-14CC0C1F7F6F}.Debug|x86.ActiveCfg = Debug|Any CPU
		{D0E3AE93-DDDA-4C3A-8A52-14CC0C1F7F6F}.Debug|x86.Build.0 = Debug|Any CPU
		{D0E3AE93-DDDA-4C3A-8A52-14CC0C1F7F6F}.Release|Any CPU.ActiveCfg = Release|Any CPU
		{D0E3AE93-DDDA-4C3A-8A52-14CC0C1F7F6F}.Release|Any CPU.Build.0 = Release|Any CPU
		{D0E3AE93-DDDA-4C3A-8A52-14CC0C1F7F6F}.Release|x64.ActiveCfg = Release|Any CPU
		{D0E3AE93-DDDA-4C3A-8A52-14CC0C1F7F6F}.Release|x64.Build.0 = Release|Any CPU
		{D0E3AE93-DDDA-4C3A-8A52-14CC0C1F7F6F}.Release|x86.ActiveCfg = Release|Any CPU
		{D0E3AE93-DDDA-4C3A-8A52-14CC0C1F7F6F}.Release|x86.Build.0 = Release|Any CPU
		{D3270DA3-C416-4EE5-922B-BBE8C34D63CA}.Debug|Any CPU.ActiveCfg = Debug|Any CPU
		{D3270DA3-C416-4EE5-922B-BBE8C34D63CA}.Debug|Any CPU.Build.0 = Debug|Any CPU
		{D3270DA3-C416-4EE5-922B-BBE8C34D63CA}.Debug|x64.ActiveCfg = Debug|Any CPU
		{D3270DA3-C416-4EE5-922B-BBE8C34D63CA}.Debug|x64.Build.0 = Debug|Any CPU
		{D3270DA3-C416-4EE5-922B-BBE8C34D63CA}.Debug|x86.ActiveCfg = Debug|Any CPU
		{D3270DA3-C416-4EE5-922B-BBE8C34D63CA}.Debug|x86.Build.0 = Debug|Any CPU
		{D3270DA3-C416-4EE5-922B-BBE8C34D63CA}.Release|Any CPU.ActiveCfg = Release|Any CPU
		{D3270DA3-C416-4EE5-922B-BBE8C34D63CA}.Release|Any CPU.Build.0 = Release|Any CPU
		{D3270DA3-C416-4EE5-922B-BBE8C34D63CA}.Release|x64.ActiveCfg = Release|Any CPU
		{D3270DA3-C416-4EE5-922B-BBE8C34D63CA}.Release|x64.Build.0 = Release|Any CPU
		{D3270DA3-C416-4EE5-922B-BBE8C34D63CA}.Release|x86.ActiveCfg = Release|Any CPU
		{D3270DA3-C416-4EE5-922B-BBE8C34D63CA}.Release|x86.Build.0 = Release|Any CPU
		{08757DF2-6027-405A-A13C-B09F44222C3E}.Debug|Any CPU.ActiveCfg = Debug|Any CPU
		{08757DF2-6027-405A-A13C-B09F44222C3E}.Debug|Any CPU.Build.0 = Debug|Any CPU
		{08757DF2-6027-405A-A13C-B09F44222C3E}.Debug|x64.ActiveCfg = Debug|Any CPU
		{08757DF2-6027-405A-A13C-B09F44222C3E}.Debug|x64.Build.0 = Debug|Any CPU
		{08757DF2-6027-405A-A13C-B09F44222C3E}.Debug|x86.ActiveCfg = Debug|Any CPU
		{08757DF2-6027-405A-A13C-B09F44222C3E}.Debug|x86.Build.0 = Debug|Any CPU
		{08757DF2-6027-405A-A13C-B09F44222C3E}.Release|Any CPU.ActiveCfg = Release|Any CPU
		{08757DF2-6027-405A-A13C-B09F44222C3E}.Release|Any CPU.Build.0 = Release|Any CPU
		{08757DF2-6027-405A-A13C-B09F44222C3E}.Release|x64.ActiveCfg = Release|Any CPU
		{08757DF2-6027-405A-A13C-B09F44222C3E}.Release|x64.Build.0 = Release|Any CPU
		{08757DF2-6027-405A-A13C-B09F44222C3E}.Release|x86.ActiveCfg = Release|Any CPU
		{08757DF2-6027-405A-A13C-B09F44222C3E}.Release|x86.Build.0 = Release|Any CPU
		{49B6E239-EE15-4E1F-8C7A-76A45974E8A7}.Debug|Any CPU.ActiveCfg = Debug|Any CPU
		{49B6E239-EE15-4E1F-8C7A-76A45974E8A7}.Debug|Any CPU.Build.0 = Debug|Any CPU
		{49B6E239-EE15-4E1F-8C7A-76A45974E8A7}.Debug|x64.ActiveCfg = Debug|Any CPU
		{49B6E239-EE15-4E1F-8C7A-76A45974E8A7}.Debug|x64.Build.0 = Debug|Any CPU
		{49B6E239-EE15-4E1F-8C7A-76A45974E8A7}.Debug|x86.ActiveCfg = Debug|Any CPU
		{49B6E239-EE15-4E1F-8C7A-76A45974E8A7}.Debug|x86.Build.0 = Debug|Any CPU
		{49B6E239-EE15-4E1F-8C7A-76A45974E8A7}.Release|Any CPU.ActiveCfg = Release|Any CPU
		{49B6E239-EE15-4E1F-8C7A-76A45974E8A7}.Release|Any CPU.Build.0 = Release|Any CPU
		{49B6E239-EE15-4E1F-8C7A-76A45974E8A7}.Release|x64.ActiveCfg = Release|Any CPU
		{49B6E239-EE15-4E1F-8C7A-76A45974E8A7}.Release|x64.Build.0 = Release|Any CPU
		{49B6E239-EE15-4E1F-8C7A-76A45974E8A7}.Release|x86.ActiveCfg = Release|Any CPU
		{49B6E239-EE15-4E1F-8C7A-76A45974E8A7}.Release|x86.Build.0 = Release|Any CPU
		{2EF0BFDB-EA30-4A59-9BDC-990D0D9FC616}.Debug|Any CPU.ActiveCfg = Debug|Any CPU
		{2EF0BFDB-EA30-4A59-9BDC-990D0D9FC616}.Debug|Any CPU.Build.0 = Debug|Any CPU
		{2EF0BFDB-EA30-4A59-9BDC-990D0D9FC616}.Debug|x64.ActiveCfg = Debug|Any CPU
		{2EF0BFDB-EA30-4A59-9BDC-990D0D9FC616}.Debug|x64.Build.0 = Debug|Any CPU
		{2EF0BFDB-EA30-4A59-9BDC-990D0D9FC616}.Debug|x86.ActiveCfg = Debug|Any CPU
		{2EF0BFDB-EA30-4A59-9BDC-990D0D9FC616}.Debug|x86.Build.0 = Debug|Any CPU
		{2EF0BFDB-EA30-4A59-9BDC-990D0D9FC616}.Release|Any CPU.ActiveCfg = Release|Any CPU
		{2EF0BFDB-EA30-4A59-9BDC-990D0D9FC616}.Release|Any CPU.Build.0 = Release|Any CPU
		{2EF0BFDB-EA30-4A59-9BDC-990D0D9FC616}.Release|x64.ActiveCfg = Release|Any CPU
		{2EF0BFDB-EA30-4A59-9BDC-990D0D9FC616}.Release|x64.Build.0 = Release|Any CPU
		{2EF0BFDB-EA30-4A59-9BDC-990D0D9FC616}.Release|x86.ActiveCfg = Release|Any CPU
		{2EF0BFDB-EA30-4A59-9BDC-990D0D9FC616}.Release|x86.Build.0 = Release|Any CPU
		{8C377EF4-C695-40DD-85ED-6CC3080EA529}.Debug|Any CPU.ActiveCfg = Debug|Any CPU
		{8C377EF4-C695-40DD-85ED-6CC3080EA529}.Debug|Any CPU.Build.0 = Debug|Any CPU
		{8C377EF4-C695-40DD-85ED-6CC3080EA529}.Debug|x64.ActiveCfg = Debug|Any CPU
		{8C377EF4-C695-40DD-85ED-6CC3080EA529}.Debug|x64.Build.0 = Debug|Any CPU
		{8C377EF4-C695-40DD-85ED-6CC3080EA529}.Debug|x86.ActiveCfg = Debug|Any CPU
		{8C377EF4-C695-40DD-85ED-6CC3080EA529}.Debug|x86.Build.0 = Debug|Any CPU
		{8C377EF4-C695-40DD-85ED-6CC3080EA529}.Release|Any CPU.ActiveCfg = Release|Any CPU
		{8C377EF4-C695-40DD-85ED-6CC3080EA529}.Release|Any CPU.Build.0 = Release|Any CPU
		{8C377EF4-C695-40DD-85ED-6CC3080EA529}.Release|x64.ActiveCfg = Release|Any CPU
		{8C377EF4-C695-40DD-85ED-6CC3080EA529}.Release|x64.Build.0 = Release|Any CPU
		{8C377EF4-C695-40DD-85ED-6CC3080EA529}.Release|x86.ActiveCfg = Release|Any CPU
		{8C377EF4-C695-40DD-85ED-6CC3080EA529}.Release|x86.Build.0 = Release|Any CPU
		{A5784344-8AFC-4215-8B1A-BE449F0832AF}.Debug|Any CPU.ActiveCfg = Debug|Any CPU
		{A5784344-8AFC-4215-8B1A-BE449F0832AF}.Debug|Any CPU.Build.0 = Debug|Any CPU
		{A5784344-8AFC-4215-8B1A-BE449F0832AF}.Debug|x64.ActiveCfg = Debug|Any CPU
		{A5784344-8AFC-4215-8B1A-BE449F0832AF}.Debug|x64.Build.0 = Debug|Any CPU
		{A5784344-8AFC-4215-8B1A-BE449F0832AF}.Debug|x86.ActiveCfg = Debug|Any CPU
		{A5784344-8AFC-4215-8B1A-BE449F0832AF}.Debug|x86.Build.0 = Debug|Any CPU
		{A5784344-8AFC-4215-8B1A-BE449F0832AF}.Release|Any CPU.ActiveCfg = Release|Any CPU
		{A5784344-8AFC-4215-8B1A-BE449F0832AF}.Release|Any CPU.Build.0 = Release|Any CPU
		{A5784344-8AFC-4215-8B1A-BE449F0832AF}.Release|x64.ActiveCfg = Release|Any CPU
		{A5784344-8AFC-4215-8B1A-BE449F0832AF}.Release|x64.Build.0 = Release|Any CPU
		{A5784344-8AFC-4215-8B1A-BE449F0832AF}.Release|x86.ActiveCfg = Release|Any CPU
		{A5784344-8AFC-4215-8B1A-BE449F0832AF}.Release|x86.Build.0 = Release|Any CPU
		{23704969-2C90-41A7-840D-D6A708991FFB}.Debug|Any CPU.ActiveCfg = Debug|Any CPU
		{23704969-2C90-41A7-840D-D6A708991FFB}.Debug|Any CPU.Build.0 = Debug|Any CPU
		{23704969-2C90-41A7-840D-D6A708991FFB}.Debug|x64.ActiveCfg = Debug|Any CPU
		{23704969-2C90-41A7-840D-D6A708991FFB}.Debug|x64.Build.0 = Debug|Any CPU
		{23704969-2C90-41A7-840D-D6A708991FFB}.Debug|x86.ActiveCfg = Debug|Any CPU
		{23704969-2C90-41A7-840D-D6A708991FFB}.Debug|x86.Build.0 = Debug|Any CPU
		{23704969-2C90-41A7-840D-D6A708991FFB}.Release|Any CPU.ActiveCfg = Release|Any CPU
		{23704969-2C90-41A7-840D-D6A708991FFB}.Release|Any CPU.Build.0 = Release|Any CPU
		{23704969-2C90-41A7-840D-D6A708991FFB}.Release|x64.ActiveCfg = Release|Any CPU
		{23704969-2C90-41A7-840D-D6A708991FFB}.Release|x64.Build.0 = Release|Any CPU
		{23704969-2C90-41A7-840D-D6A708991FFB}.Release|x86.ActiveCfg = Release|Any CPU
		{23704969-2C90-41A7-840D-D6A708991FFB}.Release|x86.Build.0 = Release|Any CPU
		{E7F3121E-F405-4748-8A33-CE291E51ADAC}.Debug|Any CPU.ActiveCfg = Debug|Any CPU
		{E7F3121E-F405-4748-8A33-CE291E51ADAC}.Debug|Any CPU.Build.0 = Debug|Any CPU
		{E7F3121E-F405-4748-8A33-CE291E51ADAC}.Debug|x64.ActiveCfg = Debug|Any CPU
		{E7F3121E-F405-4748-8A33-CE291E51ADAC}.Debug|x64.Build.0 = Debug|Any CPU
		{E7F3121E-F405-4748-8A33-CE291E51ADAC}.Debug|x86.ActiveCfg = Debug|Any CPU
		{E7F3121E-F405-4748-8A33-CE291E51ADAC}.Debug|x86.Build.0 = Debug|Any CPU
		{E7F3121E-F405-4748-8A33-CE291E51ADAC}.Release|Any CPU.ActiveCfg = Release|Any CPU
		{E7F3121E-F405-4748-8A33-CE291E51ADAC}.Release|Any CPU.Build.0 = Release|Any CPU
		{E7F3121E-F405-4748-8A33-CE291E51ADAC}.Release|x64.ActiveCfg = Release|Any CPU
		{E7F3121E-F405-4748-8A33-CE291E51ADAC}.Release|x64.Build.0 = Release|Any CPU
		{E7F3121E-F405-4748-8A33-CE291E51ADAC}.Release|x86.ActiveCfg = Release|Any CPU
		{E7F3121E-F405-4748-8A33-CE291E51ADAC}.Release|x86.Build.0 = Release|Any CPU
		{800CB7FE-7001-4755-9AAD-B46911759C50}.Debug|Any CPU.ActiveCfg = Debug|Any CPU
		{800CB7FE-7001-4755-9AAD-B46911759C50}.Debug|Any CPU.Build.0 = Debug|Any CPU
		{800CB7FE-7001-4755-9AAD-B46911759C50}.Debug|x64.ActiveCfg = Debug|Any CPU
		{800CB7FE-7001-4755-9AAD-B46911759C50}.Debug|x64.Build.0 = Debug|Any CPU
		{800CB7FE-7001-4755-9AAD-B46911759C50}.Debug|x86.ActiveCfg = Debug|Any CPU
		{800CB7FE-7001-4755-9AAD-B46911759C50}.Debug|x86.Build.0 = Debug|Any CPU
		{800CB7FE-7001-4755-9AAD-B46911759C50}.Release|Any CPU.ActiveCfg = Release|Any CPU
		{800CB7FE-7001-4755-9AAD-B46911759C50}.Release|Any CPU.Build.0 = Release|Any CPU
		{800CB7FE-7001-4755-9AAD-B46911759C50}.Release|x64.ActiveCfg = Release|Any CPU
		{800CB7FE-7001-4755-9AAD-B46911759C50}.Release|x64.Build.0 = Release|Any CPU
		{800CB7FE-7001-4755-9AAD-B46911759C50}.Release|x86.ActiveCfg = Release|Any CPU
		{800CB7FE-7001-4755-9AAD-B46911759C50}.Release|x86.Build.0 = Release|Any CPU
		{90F56C2C-EBFE-47E9-8D9E-87FBB65F742E}.Debug|Any CPU.ActiveCfg = Debug|Any CPU
		{90F56C2C-EBFE-47E9-8D9E-87FBB65F742E}.Debug|Any CPU.Build.0 = Debug|Any CPU
		{90F56C2C-EBFE-47E9-8D9E-87FBB65F742E}.Debug|x64.ActiveCfg = Debug|Any CPU
		{90F56C2C-EBFE-47E9-8D9E-87FBB65F742E}.Debug|x64.Build.0 = Debug|Any CPU
		{90F56C2C-EBFE-47E9-8D9E-87FBB65F742E}.Debug|x86.ActiveCfg = Debug|Any CPU
		{90F56C2C-EBFE-47E9-8D9E-87FBB65F742E}.Debug|x86.Build.0 = Debug|Any CPU
		{90F56C2C-EBFE-47E9-8D9E-87FBB65F742E}.Release|Any CPU.ActiveCfg = Release|Any CPU
		{90F56C2C-EBFE-47E9-8D9E-87FBB65F742E}.Release|Any CPU.Build.0 = Release|Any CPU
		{90F56C2C-EBFE-47E9-8D9E-87FBB65F742E}.Release|x64.ActiveCfg = Release|Any CPU
		{90F56C2C-EBFE-47E9-8D9E-87FBB65F742E}.Release|x64.Build.0 = Release|Any CPU
		{90F56C2C-EBFE-47E9-8D9E-87FBB65F742E}.Release|x86.ActiveCfg = Release|Any CPU
		{90F56C2C-EBFE-47E9-8D9E-87FBB65F742E}.Release|x86.Build.0 = Release|Any CPU
		{DF2B727A-690C-4717-8255-B423B7D94E34}.Debug|Any CPU.ActiveCfg = Debug|Any CPU
		{DF2B727A-690C-4717-8255-B423B7D94E34}.Debug|Any CPU.Build.0 = Debug|Any CPU
		{DF2B727A-690C-4717-8255-B423B7D94E34}.Debug|x64.ActiveCfg = Debug|Any CPU
		{DF2B727A-690C-4717-8255-B423B7D94E34}.Debug|x64.Build.0 = Debug|Any CPU
		{DF2B727A-690C-4717-8255-B423B7D94E34}.Debug|x86.ActiveCfg = Debug|Any CPU
		{DF2B727A-690C-4717-8255-B423B7D94E34}.Debug|x86.Build.0 = Debug|Any CPU
		{DF2B727A-690C-4717-8255-B423B7D94E34}.Release|Any CPU.ActiveCfg = Release|Any CPU
		{DF2B727A-690C-4717-8255-B423B7D94E34}.Release|Any CPU.Build.0 = Release|Any CPU
		{DF2B727A-690C-4717-8255-B423B7D94E34}.Release|x64.ActiveCfg = Release|Any CPU
		{DF2B727A-690C-4717-8255-B423B7D94E34}.Release|x64.Build.0 = Release|Any CPU
		{DF2B727A-690C-4717-8255-B423B7D94E34}.Release|x86.ActiveCfg = Release|Any CPU
		{DF2B727A-690C-4717-8255-B423B7D94E34}.Release|x86.Build.0 = Release|Any CPU
		{2E49BAE4-A91C-4E9A-B5CE-18D9B2D0F0F4}.Debug|Any CPU.ActiveCfg = Debug|Any CPU
		{2E49BAE4-A91C-4E9A-B5CE-18D9B2D0F0F4}.Debug|Any CPU.Build.0 = Debug|Any CPU
		{2E49BAE4-A91C-4E9A-B5CE-18D9B2D0F0F4}.Debug|x64.ActiveCfg = Debug|Any CPU
		{2E49BAE4-A91C-4E9A-B5CE-18D9B2D0F0F4}.Debug|x64.Build.0 = Debug|Any CPU
		{2E49BAE4-A91C-4E9A-B5CE-18D9B2D0F0F4}.Debug|x86.ActiveCfg = Debug|Any CPU
		{2E49BAE4-A91C-4E9A-B5CE-18D9B2D0F0F4}.Debug|x86.Build.0 = Debug|Any CPU
		{2E49BAE4-A91C-4E9A-B5CE-18D9B2D0F0F4}.Release|Any CPU.ActiveCfg = Release|Any CPU
		{2E49BAE4-A91C-4E9A-B5CE-18D9B2D0F0F4}.Release|Any CPU.Build.0 = Release|Any CPU
		{2E49BAE4-A91C-4E9A-B5CE-18D9B2D0F0F4}.Release|x64.ActiveCfg = Release|Any CPU
		{2E49BAE4-A91C-4E9A-B5CE-18D9B2D0F0F4}.Release|x64.Build.0 = Release|Any CPU
		{2E49BAE4-A91C-4E9A-B5CE-18D9B2D0F0F4}.Release|x86.ActiveCfg = Release|Any CPU
		{2E49BAE4-A91C-4E9A-B5CE-18D9B2D0F0F4}.Release|x86.Build.0 = Release|Any CPU
	EndGlobalSection
	GlobalSection(SolutionProperties) = preSolution
		HideSolutionNode = FALSE
	EndGlobalSection
	GlobalSection(NestedProjects) = preSolution
		{3BE54C5B-6EE1-4FD3-A0C2-849FACD65D71} = {86F1FCC5-C1E1-19F4-523C-296B4383FDC0}
	EndGlobalSection
	GlobalSection(ExtensibilityGlobals) = postSolution
		SolutionGuid = {C60C5FD9-4058-426A-A523-C210D1BADA82}
	EndGlobalSection
EndGlobal
